
Microsoft Visual Studio Solution File, Format Version 12.00
# Visual Studio Version 17
VisualStudioVersion = 17.4.32912.340
MinimumVisualStudioVersion = 10.0.40219.1
Project("{FAE04EC0-301F-11D3-BF4B-00C04F79EFBC}") = "Demo", "Demo\Demo.csproj", "{1003AA2F-DE18-4812-BF1A-5AC519E05A3E}"
	ProjectSection(ProjectDependencies) = postProject
		{7AC327E2-05D5-4ACC-9400-C78C183DE505} = {7AC327E2-05D5-4ACC-9400-C78C183DE505}
	EndProjectSection
EndProject
Project("{8BC9CEB8-8B4A-11D0-8D11-00A0C91BC942}") = "MuPDFLib", "MuPDFLib\MuPDFLib.vcxproj", "{7AC327E2-05D5-4ACC-9400-C78C183DE505}"
EndProject
Project("{8BC9CEB8-8B4A-11D0-8D11-00A0C91BC942}") = "libmupdf", "mupdf\platform\win32\libmupdf.vcxproj", "{5F615F91-DFF8-4F05-BF48-6222B7D86519}"
EndProject
Project("{8BC9CEB8-8B4A-11D0-8D11-00A0C91BC942}") = "bin2coff", "mupdf\platform\win32\bin2coff.vcxproj", "{BFE316B3-BD90-433A-A20D-C73975F1CAA7}"
EndProject
Project("{8BC9CEB8-8B4A-11D0-8D11-00A0C91BC942}") = "libextract", "mupdf\platform\win32\libextract.vcxproj", "{DA38CA0B-89B9-4703-A77D-8049AC3A0D04}"
EndProject
Project("{8BC9CEB8-8B4A-11D0-8D11-00A0C91BC942}") = "libluratech", "mupdf\platform\win32\libluratech.vcxproj", "{B0091365-C9BA-4F40-AE2B-EF93702871B2}"
EndProject
Project("{8BC9CEB8-8B4A-11D0-8D11-00A0C91BC942}") = "libtesseract", "mupdf\platform\win32\libtesseract.vcxproj", "{AC0BDA38-89B9-4703-A77D-8049AC3A0D04}"
EndProject
Project("{8BC9CEB8-8B4A-11D0-8D11-00A0C91BC942}") = "libresources", "mupdf\platform\win32\libresources.vcxproj", "{52DCAB29-C8EE-4422-954C-29AFA6B33E22}"
EndProject
Project("{8BC9CEB8-8B4A-11D0-8D11-00A0C91BC942}") = "libthirdparty", "mupdf\platform\win32\libthirdparty.vcxproj", "{5EDCF4FD-0291-4FB9-8D96-D58957CA5E3C}"
EndProject
Project("{8BC9CEB8-8B4A-11D0-8D11-00A0C91BC942}") = "libpkcs7", "mupdf\platform\win32\libpkcs7.vcxproj", "{22462382-B30D-42A5-BF07-EE1A35E25D21}"
EndProject
Project("{8BC9CEB8-8B4A-11D0-8D11-00A0C91BC942}") = "libleptonica", "mupdf\platform\win32\libleptonica.vcxproj", "{CA0BDA38-89B9-4703-A77D-8049AC3A0D04}"
EndProject
Project("{2150E333-8FDC-42A3-9474-1A3956D46DE8}") = "Misc", "Misc", "{D9FFEF20-88AA-4354-B200-7B2702473AC5}"
	ProjectSection(SolutionItems) = preProject
		readme.md = readme.md
		MuPDFLib\sync_name_table.py = MuPDFLib\sync_name_table.py
	EndProjectSection
EndProject
Project("{8BC9CEB8-8B4A-11D0-8D11-00A0C91BC942}") = "libharfbuzz", "mupdf\platform\win32\libharfbuzz.vcxproj", "{66778899-0291-4FB9-8D96-D58957CA5E3C}"
EndProject
Global
	GlobalSection(SolutionConfigurationPlatforms) = preSolution
		Debug|x64 = Debug|x64
		Debug|x86 = Debug|x86
		DebugCommercial|x64 = DebugCommercial|x64
		DebugCommercial|x86 = DebugCommercial|x86
		DebugExtract|x64 = DebugExtract|x64
		DebugExtract|x86 = DebugExtract|x86
		DebugJava|x64 = DebugJava|x64
		DebugJava|x86 = DebugJava|x86
		DebugOpenSSL|x64 = DebugOpenSSL|x64
		DebugOpenSSL|x86 = DebugOpenSSL|x86
		DebugTesseract|x64 = DebugTesseract|x64
		DebugTesseract|x86 = DebugTesseract|x86
		Disabled|x64 = Disabled|x64
		Disabled|x86 = Disabled|x86
		Memento|x64 = Memento|x64
		Memento|x86 = Memento|x86
		MementoCommercial|x64 = MementoCommercial|x64
		MementoCommercial|x86 = MementoCommercial|x86
		MementoExtract|x64 = MementoExtract|x64
		MementoExtract|x86 = MementoExtract|x86
		MementoOpenSSL|x64 = MementoOpenSSL|x64
		MementoOpenSSL|x86 = MementoOpenSSL|x86
		MementoTesseract|x64 = MementoTesseract|x64
		MementoTesseract|x86 = MementoTesseract|x86
		Release|x64 = Release|x64
		Release|x86 = Release|x86
		ReleaseCommercial|x64 = ReleaseCommercial|x64
		ReleaseCommercial|x86 = ReleaseCommercial|x86
		ReleaseExtract|x64 = ReleaseExtract|x64
		ReleaseExtract|x86 = ReleaseExtract|x86
		ReleaseJava|x64 = ReleaseJava|x64
		ReleaseJava|x86 = ReleaseJava|x86
		ReleaseOpenSSL|x64 = ReleaseOpenSSL|x64
		ReleaseOpenSSL|x86 = ReleaseOpenSSL|x86
		ReleaseTesseract|x64 = ReleaseTesseract|x64
		ReleaseTesseract|x86 = ReleaseTesseract|x86
	EndGlobalSection
	GlobalSection(ProjectConfigurationPlatforms) = postSolution
		{1003AA2F-DE18-4812-BF1A-5AC519E05A3E}.Debug|x64.ActiveCfg = Debug|x64
		{1003AA2F-DE18-4812-BF1A-5AC519E05A3E}.Debug|x86.ActiveCfg = Debug|x86
		{1003AA2F-DE18-4812-BF1A-5AC519E05A3E}.DebugCommercial|x64.ActiveCfg = Debug|x64
		{1003AA2F-DE18-4812-BF1A-5AC519E05A3E}.DebugCommercial|x86.ActiveCfg = Debug|x86
		{1003AA2F-DE18-4812-BF1A-5AC519E05A3E}.DebugExtract|x64.ActiveCfg = Debug|x64
		{1003AA2F-DE18-4812-BF1A-5AC519E05A3E}.DebugExtract|x86.ActiveCfg = Debug|x86
		{1003AA2F-DE18-4812-BF1A-5AC519E05A3E}.DebugJava|x64.ActiveCfg = Debug|x64
		{1003AA2F-DE18-4812-BF1A-5AC519E05A3E}.DebugJava|x86.ActiveCfg = Debug|x86
		{1003AA2F-DE18-4812-BF1A-5AC519E05A3E}.DebugOpenSSL|x64.ActiveCfg = Debug|x64
		{1003AA2F-DE18-4812-BF1A-5AC519E05A3E}.DebugOpenSSL|x86.ActiveCfg = Debug|x86
		{1003AA2F-DE18-4812-BF1A-5AC519E05A3E}.DebugTesseract|x64.ActiveCfg = Debug|x64
		{1003AA2F-DE18-4812-BF1A-5AC519E05A3E}.DebugTesseract|x86.ActiveCfg = Debug|x86
		{1003AA2F-DE18-4812-BF1A-5AC519E05A3E}.Disabled|x64.ActiveCfg = Debug|x64
		{1003AA2F-DE18-4812-BF1A-5AC519E05A3E}.Disabled|x86.ActiveCfg = Debug|x86
		{1003AA2F-DE18-4812-BF1A-5AC519E05A3E}.Memento|x64.ActiveCfg = Debug|x64
		{1003AA2F-DE18-4812-BF1A-5AC519E05A3E}.Memento|x86.ActiveCfg = Debug|x86
		{1003AA2F-DE18-4812-BF1A-5AC519E05A3E}.MementoCommercial|x64.ActiveCfg = Debug|x64
		{1003AA2F-DE18-4812-BF1A-5AC519E05A3E}.MementoCommercial|x86.ActiveCfg = Debug|x86
		{1003AA2F-DE18-4812-BF1A-5AC519E05A3E}.MementoExtract|x64.ActiveCfg = Debug|x64
		{1003AA2F-DE18-4812-BF1A-5AC519E05A3E}.MementoExtract|x86.ActiveCfg = Debug|x86
		{1003AA2F-DE18-4812-BF1A-5AC519E05A3E}.MementoOpenSSL|x64.ActiveCfg = Debug|x64
		{1003AA2F-DE18-4812-BF1A-5AC519E05A3E}.MementoOpenSSL|x86.ActiveCfg = Debug|x86
		{1003AA2F-DE18-4812-BF1A-5AC519E05A3E}.MementoTesseract|x64.ActiveCfg = Debug|x64
		{1003AA2F-DE18-4812-BF1A-5AC519E05A3E}.MementoTesseract|x86.ActiveCfg = Debug|x86
		{1003AA2F-DE18-4812-BF1A-5AC519E05A3E}.Release|x64.ActiveCfg = Release|x64
		{1003AA2F-DE18-4812-BF1A-5AC519E05A3E}.Release|x64.Build.0 = Release|x64
		{1003AA2F-DE18-4812-BF1A-5AC519E05A3E}.Release|x86.ActiveCfg = Release|x86
		{1003AA2F-DE18-4812-BF1A-5AC519E05A3E}.Release|x86.Build.0 = Release|x86
		{1003AA2F-DE18-4812-BF1A-5AC519E05A3E}.ReleaseCommercial|x64.ActiveCfg = Release|x64
		{1003AA2F-DE18-4812-BF1A-5AC519E05A3E}.ReleaseCommercial|x86.ActiveCfg = Release|x86
		{1003AA2F-DE18-4812-BF1A-5AC519E05A3E}.ReleaseExtract|x64.ActiveCfg = Release|x64
		{1003AA2F-DE18-4812-BF1A-5AC519E05A3E}.ReleaseExtract|x86.ActiveCfg = Release|x86
		{1003AA2F-DE18-4812-BF1A-5AC519E05A3E}.ReleaseJava|x64.ActiveCfg = Release|x64
		{1003AA2F-DE18-4812-BF1A-5AC519E05A3E}.ReleaseJava|x86.ActiveCfg = Release|x86
		{1003AA2F-DE18-4812-BF1A-5AC519E05A3E}.ReleaseOpenSSL|x64.ActiveCfg = Release|x64
		{1003AA2F-DE18-4812-BF1A-5AC519E05A3E}.ReleaseOpenSSL|x86.ActiveCfg = Release|x86
		{1003AA2F-DE18-4812-BF1A-5AC519E05A3E}.ReleaseTesseract|x64.ActiveCfg = Release|x64
		{1003AA2F-DE18-4812-BF1A-5AC519E05A3E}.ReleaseTesseract|x86.ActiveCfg = Release|x86
		{7AC327E2-05D5-4ACC-9400-C78C183DE505}.Debug|x64.ActiveCfg = Debug|x64
		{7AC327E2-05D5-4ACC-9400-C78C183DE505}.Debug|x64.Build.0 = Debug|x64
		{7AC327E2-05D5-4ACC-9400-C78C183DE505}.Debug|x86.ActiveCfg = Debug|Win32
		{7AC327E2-05D5-4ACC-9400-C78C183DE505}.Debug|x86.Build.0 = Debug|Win32
		{7AC327E2-05D5-4ACC-9400-C78C183DE505}.DebugCommercial|x64.ActiveCfg = Debug|x64
		{7AC327E2-05D5-4ACC-9400-C78C183DE505}.DebugCommercial|x64.Build.0 = Debug|x64
		{7AC327E2-05D5-4ACC-9400-C78C183DE505}.DebugCommercial|x86.ActiveCfg = Debug|Win32
		{7AC327E2-05D5-4ACC-9400-C78C183DE505}.DebugCommercial|x86.Build.0 = Debug|Win32
		{7AC327E2-05D5-4ACC-9400-C78C183DE505}.DebugExtract|x64.ActiveCfg = Debug|x64
		{7AC327E2-05D5-4ACC-9400-C78C183DE505}.DebugExtract|x64.Build.0 = Debug|x64
		{7AC327E2-05D5-4ACC-9400-C78C183DE505}.DebugExtract|x86.ActiveCfg = Debug|Win32
		{7AC327E2-05D5-4ACC-9400-C78C183DE505}.DebugExtract|x86.Build.0 = Debug|Win32
		{7AC327E2-05D5-4ACC-9400-C78C183DE505}.DebugJava|x64.ActiveCfg = Debug|x64
		{7AC327E2-05D5-4ACC-9400-C78C183DE505}.DebugJava|x64.Build.0 = Debug|x64
		{7AC327E2-05D5-4ACC-9400-C78C183DE505}.DebugJava|x86.ActiveCfg = Debug|Win32
		{7AC327E2-05D5-4ACC-9400-C78C183DE505}.DebugJava|x86.Build.0 = Debug|Win32
		{7AC327E2-05D5-4ACC-9400-C78C183DE505}.DebugOpenSSL|x64.ActiveCfg = Debug|x64
		{7AC327E2-05D5-4ACC-9400-C78C183DE505}.DebugOpenSSL|x64.Build.0 = Debug|x64
		{7AC327E2-05D5-4ACC-9400-C78C183DE505}.DebugOpenSSL|x86.ActiveCfg = Debug|Win32
		{7AC327E2-05D5-4ACC-9400-C78C183DE505}.DebugOpenSSL|x86.Build.0 = Debug|Win32
		{7AC327E2-05D5-4ACC-9400-C78C183DE505}.DebugTesseract|x64.ActiveCfg = Debug|x64
		{7AC327E2-05D5-4ACC-9400-C78C183DE505}.DebugTesseract|x64.Build.0 = Debug|x64
		{7AC327E2-05D5-4ACC-9400-C78C183DE505}.DebugTesseract|x86.ActiveCfg = Debug|Win32
		{7AC327E2-05D5-4ACC-9400-C78C183DE505}.DebugTesseract|x86.Build.0 = Debug|Win32
		{7AC327E2-05D5-4ACC-9400-C78C183DE505}.Disabled|x64.ActiveCfg = Debug|x64
		{7AC327E2-05D5-4ACC-9400-C78C183DE505}.Disabled|x64.Build.0 = Debug|x64
		{7AC327E2-05D5-4ACC-9400-C78C183DE505}.Disabled|x86.ActiveCfg = Debug|Win32
		{7AC327E2-05D5-4ACC-9400-C78C183DE505}.Disabled|x86.Build.0 = Debug|Win32
		{7AC327E2-05D5-4ACC-9400-C78C183DE505}.Memento|x64.ActiveCfg = Debug|x64
		{7AC327E2-05D5-4ACC-9400-C78C183DE505}.Memento|x64.Build.0 = Debug|x64
		{7AC327E2-05D5-4ACC-9400-C78C183DE505}.Memento|x86.ActiveCfg = Debug|Win32
		{7AC327E2-05D5-4ACC-9400-C78C183DE505}.Memento|x86.Build.0 = Debug|Win32
		{7AC327E2-05D5-4ACC-9400-C78C183DE505}.MementoCommercial|x64.ActiveCfg = Debug|x64
		{7AC327E2-05D5-4ACC-9400-C78C183DE505}.MementoCommercial|x64.Build.0 = Debug|x64
		{7AC327E2-05D5-4ACC-9400-C78C183DE505}.MementoCommercial|x86.ActiveCfg = Debug|Win32
		{7AC327E2-05D5-4ACC-9400-C78C183DE505}.MementoCommercial|x86.Build.0 = Debug|Win32
		{7AC327E2-05D5-4ACC-9400-C78C183DE505}.MementoExtract|x64.ActiveCfg = Debug|x64
		{7AC327E2-05D5-4ACC-9400-C78C183DE505}.MementoExtract|x64.Build.0 = Debug|x64
		{7AC327E2-05D5-4ACC-9400-C78C183DE505}.MementoExtract|x86.ActiveCfg = Debug|Win32
		{7AC327E2-05D5-4ACC-9400-C78C183DE505}.MementoExtract|x86.Build.0 = Debug|Win32
		{7AC327E2-05D5-4ACC-9400-C78C183DE505}.MementoOpenSSL|x64.ActiveCfg = Debug|x64
		{7AC327E2-05D5-4ACC-9400-C78C183DE505}.MementoOpenSSL|x64.Build.0 = Debug|x64
		{7AC327E2-05D5-4ACC-9400-C78C183DE505}.MementoOpenSSL|x86.ActiveCfg = Debug|Win32
		{7AC327E2-05D5-4ACC-9400-C78C183DE505}.MementoOpenSSL|x86.Build.0 = Debug|Win32
		{7AC327E2-05D5-4ACC-9400-C78C183DE505}.MementoTesseract|x64.ActiveCfg = Debug|x64
		{7AC327E2-05D5-4ACC-9400-C78C183DE505}.MementoTesseract|x64.Build.0 = Debug|x64
		{7AC327E2-05D5-4ACC-9400-C78C183DE505}.MementoTesseract|x86.ActiveCfg = Debug|Win32
		{7AC327E2-05D5-4ACC-9400-C78C183DE505}.MementoTesseract|x86.Build.0 = Debug|Win32
		{7AC327E2-05D5-4ACC-9400-C78C183DE505}.Release|x64.ActiveCfg = Release|x64
		{7AC327E2-05D5-4ACC-9400-C78C183DE505}.Release|x64.Build.0 = Release|x64
		{7AC327E2-05D5-4ACC-9400-C78C183DE505}.Release|x86.ActiveCfg = Release|Win32
		{7AC327E2-05D5-4ACC-9400-C78C183DE505}.Release|x86.Build.0 = Release|Win32
		{7AC327E2-05D5-4ACC-9400-C78C183DE505}.ReleaseCommercial|x64.ActiveCfg = Release|x64
		{7AC327E2-05D5-4ACC-9400-C78C183DE505}.ReleaseCommercial|x64.Build.0 = Release|x64
		{7AC327E2-05D5-4ACC-9400-C78C183DE505}.ReleaseCommercial|x86.ActiveCfg = Release|Win32
		{7AC327E2-05D5-4ACC-9400-C78C183DE505}.ReleaseCommercial|x86.Build.0 = Release|Win32
		{7AC327E2-05D5-4ACC-9400-C78C183DE505}.ReleaseExtract|x64.ActiveCfg = Release|x64
		{7AC327E2-05D5-4ACC-9400-C78C183DE505}.ReleaseExtract|x64.Build.0 = Release|x64
		{7AC327E2-05D5-4ACC-9400-C78C183DE505}.ReleaseExtract|x86.ActiveCfg = Release|Win32
		{7AC327E2-05D5-4ACC-9400-C78C183DE505}.ReleaseExtract|x86.Build.0 = Release|Win32
		{7AC327E2-05D5-4ACC-9400-C78C183DE505}.ReleaseJava|x64.ActiveCfg = Release|x64
		{7AC327E2-05D5-4ACC-9400-C78C183DE505}.ReleaseJava|x64.Build.0 = Release|x64
		{7AC327E2-05D5-4ACC-9400-C78C183DE505}.ReleaseJava|x86.ActiveCfg = Release|Win32
		{7AC327E2-05D5-4ACC-9400-C78C183DE505}.ReleaseJava|x86.Build.0 = Release|Win32
		{7AC327E2-05D5-4ACC-9400-C78C183DE505}.ReleaseOpenSSL|x64.ActiveCfg = Release|x64
		{7AC327E2-05D5-4ACC-9400-C78C183DE505}.ReleaseOpenSSL|x64.Build.0 = Release|x64
		{7AC327E2-05D5-4ACC-9400-C78C183DE505}.ReleaseOpenSSL|x86.ActiveCfg = Release|Win32
		{7AC327E2-05D5-4ACC-9400-C78C183DE505}.ReleaseOpenSSL|x86.Build.0 = Release|Win32
		{7AC327E2-05D5-4ACC-9400-C78C183DE505}.ReleaseTesseract|x64.ActiveCfg = Release|x64
		{7AC327E2-05D5-4ACC-9400-C78C183DE505}.ReleaseTesseract|x64.Build.0 = Release|x64
		{7AC327E2-05D5-4ACC-9400-C78C183DE505}.ReleaseTesseract|x86.ActiveCfg = Release|Win32
		{7AC327E2-05D5-4ACC-9400-C78C183DE505}.ReleaseTesseract|x86.Build.0 = Release|Win32
		{5F615F91-DFF8-4F05-BF48-6222B7D86519}.Debug|x64.ActiveCfg = Debug|x64
		{5F615F91-DFF8-4F05-BF48-6222B7D86519}.Debug|x64.Build.0 = Debug|x64
		{5F615F91-DFF8-4F05-BF48-6222B7D86519}.Debug|x86.ActiveCfg = Debug|Win32
		{5F615F91-DFF8-4F05-BF48-6222B7D86519}.Debug|x86.Build.0 = Debug|Win32
		{5F615F91-DFF8-4F05-BF48-6222B7D86519}.DebugCommercial|x64.ActiveCfg = DebugCommercial|x64
		{5F615F91-DFF8-4F05-BF48-6222B7D86519}.DebugCommercial|x64.Build.0 = DebugCommercial|x64
		{5F615F91-DFF8-4F05-BF48-6222B7D86519}.DebugCommercial|x86.ActiveCfg = DebugCommercial|Win32
		{5F615F91-DFF8-4F05-BF48-6222B7D86519}.DebugCommercial|x86.Build.0 = DebugCommercial|Win32
		{5F615F91-DFF8-4F05-BF48-6222B7D86519}.DebugExtract|x64.ActiveCfg = DebugExtract|x64
		{5F615F91-DFF8-4F05-BF48-6222B7D86519}.DebugExtract|x64.Build.0 = DebugExtract|x64
		{5F615F91-DFF8-4F05-BF48-6222B7D86519}.DebugExtract|x86.ActiveCfg = DebugExtract|Win32
		{5F615F91-DFF8-4F05-BF48-6222B7D86519}.DebugExtract|x86.Build.0 = DebugExtract|Win32
		{5F615F91-DFF8-4F05-BF48-6222B7D86519}.DebugJava|x64.ActiveCfg = DebugJava|x64
		{5F615F91-DFF8-4F05-BF48-6222B7D86519}.DebugJava|x64.Build.0 = DebugJava|x64
		{5F615F91-DFF8-4F05-BF48-6222B7D86519}.DebugJava|x86.ActiveCfg = DebugJava|Win32
		{5F615F91-DFF8-4F05-BF48-6222B7D86519}.DebugJava|x86.Build.0 = DebugJava|Win32
		{5F615F91-DFF8-4F05-BF48-6222B7D86519}.DebugOpenSSL|x64.ActiveCfg = DebugOpenSSL|x64
		{5F615F91-DFF8-4F05-BF48-6222B7D86519}.DebugOpenSSL|x64.Build.0 = DebugOpenSSL|x64
		{5F615F91-DFF8-4F05-BF48-6222B7D86519}.DebugOpenSSL|x86.ActiveCfg = DebugOpenSSL|Win32
		{5F615F91-DFF8-4F05-BF48-6222B7D86519}.DebugOpenSSL|x86.Build.0 = DebugOpenSSL|Win32
		{5F615F91-DFF8-4F05-BF48-6222B7D86519}.DebugTesseract|x64.ActiveCfg = DebugTesseract|x64
		{5F615F91-DFF8-4F05-BF48-6222B7D86519}.DebugTesseract|x64.Build.0 = DebugTesseract|x64
		{5F615F91-DFF8-4F05-BF48-6222B7D86519}.DebugTesseract|x86.ActiveCfg = DebugTesseract|Win32
		{5F615F91-DFF8-4F05-BF48-6222B7D86519}.DebugTesseract|x86.Build.0 = DebugTesseract|Win32
		{5F615F91-DFF8-4F05-BF48-6222B7D86519}.Disabled|x64.ActiveCfg = DebugCommercial|x64
		{5F615F91-DFF8-4F05-BF48-6222B7D86519}.Disabled|x64.Build.0 = DebugCommercial|x64
		{5F615F91-DFF8-4F05-BF48-6222B7D86519}.Disabled|x86.ActiveCfg = Debug|Win32
		{5F615F91-DFF8-4F05-BF48-6222B7D86519}.Disabled|x86.Build.0 = Debug|Win32
		{5F615F91-DFF8-4F05-BF48-6222B7D86519}.Memento|x64.ActiveCfg = Memento|x64
		{5F615F91-DFF8-4F05-BF48-6222B7D86519}.Memento|x64.Build.0 = Memento|x64
		{5F615F91-DFF8-4F05-BF48-6222B7D86519}.Memento|x86.ActiveCfg = Memento|Win32
		{5F615F91-DFF8-4F05-BF48-6222B7D86519}.Memento|x86.Build.0 = Memento|Win32
		{5F615F91-DFF8-4F05-BF48-6222B7D86519}.MementoCommercial|x64.ActiveCfg = MementoCommercial|x64
		{5F615F91-DFF8-4F05-BF48-6222B7D86519}.MementoCommercial|x64.Build.0 = MementoCommercial|x64
		{5F615F91-DFF8-4F05-BF48-6222B7D86519}.MementoCommercial|x86.ActiveCfg = MementoCommercial|Win32
		{5F615F91-DFF8-4F05-BF48-6222B7D86519}.MementoCommercial|x86.Build.0 = MementoCommercial|Win32
		{5F615F91-DFF8-4F05-BF48-6222B7D86519}.MementoExtract|x64.ActiveCfg = MementoExtract|x64
		{5F615F91-DFF8-4F05-BF48-6222B7D86519}.MementoExtract|x64.Build.0 = MementoExtract|x64
		{5F615F91-DFF8-4F05-BF48-6222B7D86519}.MementoExtract|x86.ActiveCfg = MementoExtract|Win32
		{5F615F91-DFF8-4F05-BF48-6222B7D86519}.MementoExtract|x86.Build.0 = MementoExtract|Win32
		{5F615F91-DFF8-4F05-BF48-6222B7D86519}.MementoOpenSSL|x64.ActiveCfg = MementoOpenSSL|x64
		{5F615F91-DFF8-4F05-BF48-6222B7D86519}.MementoOpenSSL|x64.Build.0 = MementoOpenSSL|x64
		{5F615F91-DFF8-4F05-BF48-6222B7D86519}.MementoOpenSSL|x86.ActiveCfg = MementoOpenSSL|Win32
		{5F615F91-DFF8-4F05-BF48-6222B7D86519}.MementoOpenSSL|x86.Build.0 = MementoOpenSSL|Win32
		{5F615F91-DFF8-4F05-BF48-6222B7D86519}.MementoTesseract|x64.ActiveCfg = MementoTesseract|x64
		{5F615F91-DFF8-4F05-BF48-6222B7D86519}.MementoTesseract|x64.Build.0 = MementoTesseract|x64
		{5F615F91-DFF8-4F05-BF48-6222B7D86519}.MementoTesseract|x86.ActiveCfg = MementoTesseract|Win32
		{5F615F91-DFF8-4F05-BF48-6222B7D86519}.MementoTesseract|x86.Build.0 = MementoTesseract|Win32
		{5F615F91-DFF8-4F05-BF48-6222B7D86519}.Release|x64.ActiveCfg = Release|x64
		{5F615F91-DFF8-4F05-BF48-6222B7D86519}.Release|x64.Build.0 = Release|x64
		{5F615F91-DFF8-4F05-BF48-6222B7D86519}.Release|x86.ActiveCfg = Release|Win32
		{5F615F91-DFF8-4F05-BF48-6222B7D86519}.Release|x86.Build.0 = Release|Win32
		{5F615F91-DFF8-4F05-BF48-6222B7D86519}.ReleaseCommercial|x64.ActiveCfg = ReleaseCommercial|x64
		{5F615F91-DFF8-4F05-BF48-6222B7D86519}.ReleaseCommercial|x64.Build.0 = ReleaseCommercial|x64
		{5F615F91-DFF8-4F05-BF48-6222B7D86519}.ReleaseCommercial|x86.ActiveCfg = ReleaseCommercial|Win32
		{5F615F91-DFF8-4F05-BF48-6222B7D86519}.ReleaseCommercial|x86.Build.0 = ReleaseCommercial|Win32
		{5F615F91-DFF8-4F05-BF48-6222B7D86519}.ReleaseExtract|x64.ActiveCfg = ReleaseExtract|x64
		{5F615F91-DFF8-4F05-BF48-6222B7D86519}.ReleaseExtract|x64.Build.0 = ReleaseExtract|x64
		{5F615F91-DFF8-4F05-BF48-6222B7D86519}.ReleaseExtract|x86.ActiveCfg = ReleaseExtract|Win32
		{5F615F91-DFF8-4F05-BF48-6222B7D86519}.ReleaseExtract|x86.Build.0 = ReleaseExtract|Win32
		{5F615F91-DFF8-4F05-BF48-6222B7D86519}.ReleaseJava|x64.ActiveCfg = ReleaseJava|x64
		{5F615F91-DFF8-4F05-BF48-6222B7D86519}.ReleaseJava|x64.Build.0 = ReleaseJava|x64
		{5F615F91-DFF8-4F05-BF48-6222B7D86519}.ReleaseJava|x86.ActiveCfg = ReleaseJava|Win32
		{5F615F91-DFF8-4F05-BF48-6222B7D86519}.ReleaseJava|x86.Build.0 = ReleaseJava|Win32
		{5F615F91-DFF8-4F05-BF48-6222B7D86519}.ReleaseOpenSSL|x64.ActiveCfg = ReleaseOpenSSL|x64
		{5F615F91-DFF8-4F05-BF48-6222B7D86519}.ReleaseOpenSSL|x64.Build.0 = ReleaseOpenSSL|x64
		{5F615F91-DFF8-4F05-BF48-6222B7D86519}.ReleaseOpenSSL|x86.ActiveCfg = ReleaseOpenSSL|Win32
		{5F615F91-DFF8-4F05-BF48-6222B7D86519}.ReleaseOpenSSL|x86.Build.0 = ReleaseOpenSSL|Win32
		{5F615F91-DFF8-4F05-BF48-6222B7D86519}.ReleaseTesseract|x64.ActiveCfg = ReleaseTesseract|x64
		{5F615F91-DFF8-4F05-BF48-6222B7D86519}.ReleaseTesseract|x64.Build.0 = ReleaseTesseract|x64
		{5F615F91-DFF8-4F05-BF48-6222B7D86519}.ReleaseTesseract|x86.ActiveCfg = ReleaseTesseract|Win32
		{5F615F91-DFF8-4F05-BF48-6222B7D86519}.ReleaseTesseract|x86.Build.0 = ReleaseTesseract|Win32
		{BFE316B3-BD90-433A-A20D-C73975F1CAA7}.Debug|x64.ActiveCfg = Release|Win32
		{BFE316B3-BD90-433A-A20D-C73975F1CAA7}.Debug|x64.Build.0 = Release|Win32
		{BFE316B3-BD90-433A-A20D-C73975F1CAA7}.Debug|x86.ActiveCfg = Release|Win32
		{BFE316B3-BD90-433A-A20D-C73975F1CAA7}.Debug|x86.Build.0 = Release|Win32
		{BFE316B3-BD90-433A-A20D-C73975F1CAA7}.DebugCommercial|x64.ActiveCfg = Release|Win32
		{BFE316B3-BD90-433A-A20D-C73975F1CAA7}.DebugCommercial|x64.Build.0 = Release|Win32
		{BFE316B3-BD90-433A-A20D-C73975F1CAA7}.DebugCommercial|x86.ActiveCfg = Release|Win32
		{BFE316B3-BD90-433A-A20D-C73975F1CAA7}.DebugCommercial|x86.Build.0 = Release|Win32
		{BFE316B3-BD90-433A-A20D-C73975F1CAA7}.DebugExtract|x64.ActiveCfg = Release|Win32
		{BFE316B3-BD90-433A-A20D-C73975F1CAA7}.DebugExtract|x64.Build.0 = Release|Win32
		{BFE316B3-BD90-433A-A20D-C73975F1CAA7}.DebugExtract|x86.ActiveCfg = Release|Win32
		{BFE316B3-BD90-433A-A20D-C73975F1CAA7}.DebugExtract|x86.Build.0 = Release|Win32
		{BFE316B3-BD90-433A-A20D-C73975F1CAA7}.DebugJava|x64.ActiveCfg = Release|Win32
		{BFE316B3-BD90-433A-A20D-C73975F1CAA7}.DebugJava|x64.Build.0 = Release|Win32
		{BFE316B3-BD90-433A-A20D-C73975F1CAA7}.DebugJava|x86.ActiveCfg = Release|Win32
		{BFE316B3-BD90-433A-A20D-C73975F1CAA7}.DebugJava|x86.Build.0 = Release|Win32
		{BFE316B3-BD90-433A-A20D-C73975F1CAA7}.DebugOpenSSL|x64.ActiveCfg = Release|Win32
		{BFE316B3-BD90-433A-A20D-C73975F1CAA7}.DebugOpenSSL|x64.Build.0 = Release|Win32
		{BFE316B3-BD90-433A-A20D-C73975F1CAA7}.DebugOpenSSL|x86.ActiveCfg = Release|Win32
		{BFE316B3-BD90-433A-A20D-C73975F1CAA7}.DebugOpenSSL|x86.Build.0 = Release|Win32
		{BFE316B3-BD90-433A-A20D-C73975F1CAA7}.DebugTesseract|x64.ActiveCfg = Release|Win32
		{BFE316B3-BD90-433A-A20D-C73975F1CAA7}.DebugTesseract|x64.Build.0 = Release|Win32
		{BFE316B3-BD90-433A-A20D-C73975F1CAA7}.DebugTesseract|x86.ActiveCfg = Release|Win32
		{BFE316B3-BD90-433A-A20D-C73975F1CAA7}.DebugTesseract|x86.Build.0 = Release|Win32
		{BFE316B3-BD90-433A-A20D-C73975F1CAA7}.Disabled|x64.ActiveCfg = Release|Win32
		{BFE316B3-BD90-433A-A20D-C73975F1CAA7}.Disabled|x64.Build.0 = Release|Win32
		{BFE316B3-BD90-433A-A20D-C73975F1CAA7}.Disabled|x86.ActiveCfg = Release|Win32
		{BFE316B3-BD90-433A-A20D-C73975F1CAA7}.Disabled|x86.Build.0 = Release|Win32
		{BFE316B3-BD90-433A-A20D-C73975F1CAA7}.Memento|x64.ActiveCfg = Release|Win32
		{BFE316B3-BD90-433A-A20D-C73975F1CAA7}.Memento|x64.Build.0 = Release|Win32
		{BFE316B3-BD90-433A-A20D-C73975F1CAA7}.Memento|x86.ActiveCfg = Release|Win32
		{BFE316B3-BD90-433A-A20D-C73975F1CAA7}.Memento|x86.Build.0 = Release|Win32
		{BFE316B3-BD90-433A-A20D-C73975F1CAA7}.MementoCommercial|x64.ActiveCfg = Release|Win32
		{BFE316B3-BD90-433A-A20D-C73975F1CAA7}.MementoCommercial|x64.Build.0 = Release|Win32
		{BFE316B3-BD90-433A-A20D-C73975F1CAA7}.MementoCommercial|x86.ActiveCfg = Release|Win32
		{BFE316B3-BD90-433A-A20D-C73975F1CAA7}.MementoCommercial|x86.Build.0 = Release|Win32
		{BFE316B3-BD90-433A-A20D-C73975F1CAA7}.MementoExtract|x64.ActiveCfg = Release|Win32
		{BFE316B3-BD90-433A-A20D-C73975F1CAA7}.MementoExtract|x64.Build.0 = Release|Win32
		{BFE316B3-BD90-433A-A20D-C73975F1CAA7}.MementoExtract|x86.ActiveCfg = Release|Win32
		{BFE316B3-BD90-433A-A20D-C73975F1CAA7}.MementoExtract|x86.Build.0 = Release|Win32
		{BFE316B3-BD90-433A-A20D-C73975F1CAA7}.MementoOpenSSL|x64.ActiveCfg = Release|Win32
		{BFE316B3-BD90-433A-A20D-C73975F1CAA7}.MementoOpenSSL|x64.Build.0 = Release|Win32
		{BFE316B3-BD90-433A-A20D-C73975F1CAA7}.MementoOpenSSL|x86.ActiveCfg = Release|Win32
		{BFE316B3-BD90-433A-A20D-C73975F1CAA7}.MementoOpenSSL|x86.Build.0 = Release|Win32
		{BFE316B3-BD90-433A-A20D-C73975F1CAA7}.MementoTesseract|x64.ActiveCfg = Release|Win32
		{BFE316B3-BD90-433A-A20D-C73975F1CAA7}.MementoTesseract|x64.Build.0 = Release|Win32
		{BFE316B3-BD90-433A-A20D-C73975F1CAA7}.MementoTesseract|x86.ActiveCfg = Release|Win32
		{BFE316B3-BD90-433A-A20D-C73975F1CAA7}.MementoTesseract|x86.Build.0 = Release|Win32
		{BFE316B3-BD90-433A-A20D-C73975F1CAA7}.Release|x64.ActiveCfg = Release|Win32
		{BFE316B3-BD90-433A-A20D-C73975F1CAA7}.Release|x86.ActiveCfg = Release|Win32
		{BFE316B3-BD90-433A-A20D-C73975F1CAA7}.Release|x86.Build.0 = Release|Win32
		{BFE316B3-BD90-433A-A20D-C73975F1CAA7}.ReleaseCommercial|x64.ActiveCfg = Release|Win32
		{BFE316B3-BD90-433A-A20D-C73975F1CAA7}.ReleaseCommercial|x64.Build.0 = Release|Win32
		{BFE316B3-BD90-433A-A20D-C73975F1CAA7}.ReleaseCommercial|x86.ActiveCfg = Release|Win32
		{BFE316B3-BD90-433A-A20D-C73975F1CAA7}.ReleaseCommercial|x86.Build.0 = Release|Win32
		{BFE316B3-BD90-433A-A20D-C73975F1CAA7}.ReleaseExtract|x64.ActiveCfg = Release|Win32
		{BFE316B3-BD90-433A-A20D-C73975F1CAA7}.ReleaseExtract|x64.Build.0 = Release|Win32
		{BFE316B3-BD90-433A-A20D-C73975F1CAA7}.ReleaseExtract|x86.ActiveCfg = Release|Win32
		{BFE316B3-BD90-433A-A20D-C73975F1CAA7}.ReleaseExtract|x86.Build.0 = Release|Win32
		{BFE316B3-BD90-433A-A20D-C73975F1CAA7}.ReleaseJava|x64.ActiveCfg = Release|Win32
		{BFE316B3-BD90-433A-A20D-C73975F1CAA7}.ReleaseJava|x64.Build.0 = Release|Win32
		{BFE316B3-BD90-433A-A20D-C73975F1CAA7}.ReleaseJava|x86.ActiveCfg = Release|Win32
		{BFE316B3-BD90-433A-A20D-C73975F1CAA7}.ReleaseJava|x86.Build.0 = Release|Win32
		{BFE316B3-BD90-433A-A20D-C73975F1CAA7}.ReleaseOpenSSL|x64.ActiveCfg = Release|Win32
		{BFE316B3-BD90-433A-A20D-C73975F1CAA7}.ReleaseOpenSSL|x64.Build.0 = Release|Win32
		{BFE316B3-BD90-433A-A20D-C73975F1CAA7}.ReleaseOpenSSL|x86.ActiveCfg = Release|Win32
		{BFE316B3-BD90-433A-A20D-C73975F1CAA7}.ReleaseOpenSSL|x86.Build.0 = Release|Win32
		{BFE316B3-BD90-433A-A20D-C73975F1CAA7}.ReleaseTesseract|x64.ActiveCfg = Release|Win32
		{BFE316B3-BD90-433A-A20D-C73975F1CAA7}.ReleaseTesseract|x64.Build.0 = Release|Win32
		{BFE316B3-BD90-433A-A20D-C73975F1CAA7}.ReleaseTesseract|x86.ActiveCfg = Release|Win32
		{BFE316B3-BD90-433A-A20D-C73975F1CAA7}.ReleaseTesseract|x86.Build.0 = Release|Win32
		{DA38CA0B-89B9-4703-A77D-8049AC3A0D04}.Debug|x64.ActiveCfg = Debug|x64
		{DA38CA0B-89B9-4703-A77D-8049AC3A0D04}.Debug|x64.Build.0 = Debug|x64
		{DA38CA0B-89B9-4703-A77D-8049AC3A0D04}.Debug|x86.ActiveCfg = Debug|Win32
		{DA38CA0B-89B9-4703-A77D-8049AC3A0D04}.Debug|x86.Build.0 = Debug|Win32
		{DA38CA0B-89B9-4703-A77D-8049AC3A0D04}.DebugCommercial|x64.ActiveCfg = Debug|x64
		{DA38CA0B-89B9-4703-A77D-8049AC3A0D04}.DebugCommercial|x64.Build.0 = Debug|x64
		{DA38CA0B-89B9-4703-A77D-8049AC3A0D04}.DebugCommercial|x86.ActiveCfg = Debug|Win32
		{DA38CA0B-89B9-4703-A77D-8049AC3A0D04}.DebugCommercial|x86.Build.0 = Debug|Win32
		{DA38CA0B-89B9-4703-A77D-8049AC3A0D04}.DebugExtract|x64.ActiveCfg = Debug|x64
		{DA38CA0B-89B9-4703-A77D-8049AC3A0D04}.DebugExtract|x64.Build.0 = Debug|x64
		{DA38CA0B-89B9-4703-A77D-8049AC3A0D04}.DebugExtract|x86.ActiveCfg = Debug|Win32
		{DA38CA0B-89B9-4703-A77D-8049AC3A0D04}.DebugExtract|x86.Build.0 = Debug|Win32
		{DA38CA0B-89B9-4703-A77D-8049AC3A0D04}.DebugJava|x64.ActiveCfg = Debug|x64
		{DA38CA0B-89B9-4703-A77D-8049AC3A0D04}.DebugJava|x64.Build.0 = Debug|x64
		{DA38CA0B-89B9-4703-A77D-8049AC3A0D04}.DebugJava|x86.ActiveCfg = Debug|Win32
		{DA38CA0B-89B9-4703-A77D-8049AC3A0D04}.DebugJava|x86.Build.0 = Debug|Win32
		{DA38CA0B-89B9-4703-A77D-8049AC3A0D04}.DebugOpenSSL|x64.ActiveCfg = Debug|x64
		{DA38CA0B-89B9-4703-A77D-8049AC3A0D04}.DebugOpenSSL|x64.Build.0 = Debug|x64
		{DA38CA0B-89B9-4703-A77D-8049AC3A0D04}.DebugOpenSSL|x86.ActiveCfg = Debug|Win32
		{DA38CA0B-89B9-4703-A77D-8049AC3A0D04}.DebugOpenSSL|x86.Build.0 = Debug|Win32
		{DA38CA0B-89B9-4703-A77D-8049AC3A0D04}.DebugTesseract|x64.ActiveCfg = Debug|x64
		{DA38CA0B-89B9-4703-A77D-8049AC3A0D04}.DebugTesseract|x64.Build.0 = Debug|x64
		{DA38CA0B-89B9-4703-A77D-8049AC3A0D04}.DebugTesseract|x86.ActiveCfg = Debug|Win32
		{DA38CA0B-89B9-4703-A77D-8049AC3A0D04}.DebugTesseract|x86.Build.0 = Debug|Win32
		{DA38CA0B-89B9-4703-A77D-8049AC3A0D04}.Disabled|x64.ActiveCfg = Disabled|x64
		{DA38CA0B-89B9-4703-A77D-8049AC3A0D04}.Disabled|x64.Build.0 = Disabled|x64
		{DA38CA0B-89B9-4703-A77D-8049AC3A0D04}.Disabled|x86.ActiveCfg = Disabled|Win32
		{DA38CA0B-89B9-4703-A77D-8049AC3A0D04}.Disabled|x86.Build.0 = Disabled|Win32
		{DA38CA0B-89B9-4703-A77D-8049AC3A0D04}.Memento|x64.ActiveCfg = Memento|x64
		{DA38CA0B-89B9-4703-A77D-8049AC3A0D04}.Memento|x64.Build.0 = Memento|x64
		{DA38CA0B-89B9-4703-A77D-8049AC3A0D04}.Memento|x86.ActiveCfg = Memento|Win32
		{DA38CA0B-89B9-4703-A77D-8049AC3A0D04}.Memento|x86.Build.0 = Memento|Win32
		{DA38CA0B-89B9-4703-A77D-8049AC3A0D04}.MementoCommercial|x64.ActiveCfg = Memento|x64
		{DA38CA0B-89B9-4703-A77D-8049AC3A0D04}.MementoCommercial|x64.Build.0 = Memento|x64
		{DA38CA0B-89B9-4703-A77D-8049AC3A0D04}.MementoCommercial|x86.ActiveCfg = Memento|Win32
		{DA38CA0B-89B9-4703-A77D-8049AC3A0D04}.MementoCommercial|x86.Build.0 = Memento|Win32
		{DA38CA0B-89B9-4703-A77D-8049AC3A0D04}.MementoExtract|x64.ActiveCfg = Memento|x64
		{DA38CA0B-89B9-4703-A77D-8049AC3A0D04}.MementoExtract|x64.Build.0 = Memento|x64
		{DA38CA0B-89B9-4703-A77D-8049AC3A0D04}.MementoExtract|x86.ActiveCfg = Memento|Win32
		{DA38CA0B-89B9-4703-A77D-8049AC3A0D04}.MementoExtract|x86.Build.0 = Memento|Win32
		{DA38CA0B-89B9-4703-A77D-8049AC3A0D04}.MementoOpenSSL|x64.ActiveCfg = Memento|x64
		{DA38CA0B-89B9-4703-A77D-8049AC3A0D04}.MementoOpenSSL|x64.Build.0 = Memento|x64
		{DA38CA0B-89B9-4703-A77D-8049AC3A0D04}.MementoOpenSSL|x86.ActiveCfg = Memento|Win32
		{DA38CA0B-89B9-4703-A77D-8049AC3A0D04}.MementoOpenSSL|x86.Build.0 = Memento|Win32
		{DA38CA0B-89B9-4703-A77D-8049AC3A0D04}.MementoTesseract|x64.ActiveCfg = Memento|x64
		{DA38CA0B-89B9-4703-A77D-8049AC3A0D04}.MementoTesseract|x64.Build.0 = Memento|x64
		{DA38CA0B-89B9-4703-A77D-8049AC3A0D04}.MementoTesseract|x86.ActiveCfg = Memento|Win32
		{DA38CA0B-89B9-4703-A77D-8049AC3A0D04}.MementoTesseract|x86.Build.0 = Memento|Win32
		{DA38CA0B-89B9-4703-A77D-8049AC3A0D04}.Release|x64.ActiveCfg = Release|x64
		{DA38CA0B-89B9-4703-A77D-8049AC3A0D04}.Release|x64.Build.0 = Release|x64
		{DA38CA0B-89B9-4703-A77D-8049AC3A0D04}.Release|x86.ActiveCfg = Release|Win32
		{DA38CA0B-89B9-4703-A77D-8049AC3A0D04}.Release|x86.Build.0 = Release|Win32
		{DA38CA0B-89B9-4703-A77D-8049AC3A0D04}.ReleaseCommercial|x64.ActiveCfg = Release|x64
		{DA38CA0B-89B9-4703-A77D-8049AC3A0D04}.ReleaseCommercial|x64.Build.0 = Release|x64
		{DA38CA0B-89B9-4703-A77D-8049AC3A0D04}.ReleaseCommercial|x86.ActiveCfg = Release|Win32
		{DA38CA0B-89B9-4703-A77D-8049AC3A0D04}.ReleaseCommercial|x86.Build.0 = Release|Win32
		{DA38CA0B-89B9-4703-A77D-8049AC3A0D04}.ReleaseExtract|x64.ActiveCfg = Release|x64
		{DA38CA0B-89B9-4703-A77D-8049AC3A0D04}.ReleaseExtract|x64.Build.0 = Release|x64
		{DA38CA0B-89B9-4703-A77D-8049AC3A0D04}.ReleaseExtract|x86.ActiveCfg = Release|Win32
		{DA38CA0B-89B9-4703-A77D-8049AC3A0D04}.ReleaseExtract|x86.Build.0 = Release|Win32
		{DA38CA0B-89B9-4703-A77D-8049AC3A0D04}.ReleaseJava|x64.ActiveCfg = Release|x64
		{DA38CA0B-89B9-4703-A77D-8049AC3A0D04}.ReleaseJava|x64.Build.0 = Release|x64
		{DA38CA0B-89B9-4703-A77D-8049AC3A0D04}.ReleaseJava|x86.ActiveCfg = Release|Win32
		{DA38CA0B-89B9-4703-A77D-8049AC3A0D04}.ReleaseJava|x86.Build.0 = Release|Win32
		{DA38CA0B-89B9-4703-A77D-8049AC3A0D04}.ReleaseOpenSSL|x64.ActiveCfg = Release|x64
		{DA38CA0B-89B9-4703-A77D-8049AC3A0D04}.ReleaseOpenSSL|x64.Build.0 = Release|x64
		{DA38CA0B-89B9-4703-A77D-8049AC3A0D04}.ReleaseOpenSSL|x86.ActiveCfg = Release|Win32
		{DA38CA0B-89B9-4703-A77D-8049AC3A0D04}.ReleaseOpenSSL|x86.Build.0 = Release|Win32
		{DA38CA0B-89B9-4703-A77D-8049AC3A0D04}.ReleaseTesseract|x64.ActiveCfg = Release|x64
		{DA38CA0B-89B9-4703-A77D-8049AC3A0D04}.ReleaseTesseract|x64.Build.0 = Release|x64
		{DA38CA0B-89B9-4703-A77D-8049AC3A0D04}.ReleaseTesseract|x86.ActiveCfg = Release|Win32
		{DA38CA0B-89B9-4703-A77D-8049AC3A0D04}.ReleaseTesseract|x86.Build.0 = Release|Win32
		{B0091365-C9BA-4F40-AE2B-EF93702871B2}.Debug|x64.ActiveCfg = DebugCommercial|x64
		{B0091365-C9BA-4F40-AE2B-EF93702871B2}.Debug|x64.Build.0 = DebugCommercial|x64
		{B0091365-C9BA-4F40-AE2B-EF93702871B2}.Debug|x86.ActiveCfg = DebugCommercial|Win32
		{B0091365-C9BA-4F40-AE2B-EF93702871B2}.Debug|x86.Build.0 = DebugCommercial|Win32
		{B0091365-C9BA-4F40-AE2B-EF93702871B2}.DebugCommercial|x64.ActiveCfg = DebugCommercial|x64
		{B0091365-C9BA-4F40-AE2B-EF93702871B2}.DebugCommercial|x64.Build.0 = DebugCommercial|x64
		{B0091365-C9BA-4F40-AE2B-EF93702871B2}.DebugCommercial|x86.ActiveCfg = DebugCommercial|Win32
		{B0091365-C9BA-4F40-AE2B-EF93702871B2}.DebugCommercial|x86.Build.0 = DebugCommercial|Win32
		{B0091365-C9BA-4F40-AE2B-EF93702871B2}.DebugExtract|x64.ActiveCfg = DebugCommercial|x64
		{B0091365-C9BA-4F40-AE2B-EF93702871B2}.DebugExtract|x64.Build.0 = DebugCommercial|x64
		{B0091365-C9BA-4F40-AE2B-EF93702871B2}.DebugExtract|x86.ActiveCfg = DebugCommercial|Win32
		{B0091365-C9BA-4F40-AE2B-EF93702871B2}.DebugExtract|x86.Build.0 = DebugCommercial|Win32
		{B0091365-C9BA-4F40-AE2B-EF93702871B2}.DebugJava|x64.ActiveCfg = DebugCommercial|x64
		{B0091365-C9BA-4F40-AE2B-EF93702871B2}.DebugJava|x64.Build.0 = DebugCommercial|x64
		{B0091365-C9BA-4F40-AE2B-EF93702871B2}.DebugJava|x86.ActiveCfg = DebugCommercial|Win32
		{B0091365-C9BA-4F40-AE2B-EF93702871B2}.DebugJava|x86.Build.0 = DebugCommercial|Win32
		{B0091365-C9BA-4F40-AE2B-EF93702871B2}.DebugOpenSSL|x64.ActiveCfg = DebugCommercial|x64
		{B0091365-C9BA-4F40-AE2B-EF93702871B2}.DebugOpenSSL|x64.Build.0 = DebugCommercial|x64
		{B0091365-C9BA-4F40-AE2B-EF93702871B2}.DebugOpenSSL|x86.ActiveCfg = DebugCommercial|Win32
		{B0091365-C9BA-4F40-AE2B-EF93702871B2}.DebugOpenSSL|x86.Build.0 = DebugCommercial|Win32
		{B0091365-C9BA-4F40-AE2B-EF93702871B2}.DebugTesseract|x64.ActiveCfg = DebugCommercial|x64
		{B0091365-C9BA-4F40-AE2B-EF93702871B2}.DebugTesseract|x64.Build.0 = DebugCommercial|x64
		{B0091365-C9BA-4F40-AE2B-EF93702871B2}.DebugTesseract|x86.ActiveCfg = DebugCommercial|Win32
		{B0091365-C9BA-4F40-AE2B-EF93702871B2}.DebugTesseract|x86.Build.0 = DebugCommercial|Win32
		{B0091365-C9BA-4F40-AE2B-EF93702871B2}.Disabled|x64.ActiveCfg = DebugCommercial|x64
		{B0091365-C9BA-4F40-AE2B-EF93702871B2}.Disabled|x64.Build.0 = DebugCommercial|x64
		{B0091365-C9BA-4F40-AE2B-EF93702871B2}.Disabled|x86.ActiveCfg = DebugCommercial|Win32
		{B0091365-C9BA-4F40-AE2B-EF93702871B2}.Disabled|x86.Build.0 = DebugCommercial|Win32
		{B0091365-C9BA-4F40-AE2B-EF93702871B2}.Memento|x64.ActiveCfg = DebugCommercial|x64
		{B0091365-C9BA-4F40-AE2B-EF93702871B2}.Memento|x64.Build.0 = DebugCommercial|x64
		{B0091365-C9BA-4F40-AE2B-EF93702871B2}.Memento|x86.ActiveCfg = DebugCommercial|Win32
		{B0091365-C9BA-4F40-AE2B-EF93702871B2}.Memento|x86.Build.0 = DebugCommercial|Win32
		{B0091365-C9BA-4F40-AE2B-EF93702871B2}.MementoCommercial|x64.ActiveCfg = DebugCommercial|x64
		{B0091365-C9BA-4F40-AE2B-EF93702871B2}.MementoCommercial|x64.Build.0 = DebugCommercial|x64
		{B0091365-C9BA-4F40-AE2B-EF93702871B2}.MementoCommercial|x86.ActiveCfg = DebugCommercial|Win32
		{B0091365-C9BA-4F40-AE2B-EF93702871B2}.MementoCommercial|x86.Build.0 = DebugCommercial|Win32
		{B0091365-C9BA-4F40-AE2B-EF93702871B2}.MementoExtract|x64.ActiveCfg = DebugCommercial|x64
		{B0091365-C9BA-4F40-AE2B-EF93702871B2}.MementoExtract|x64.Build.0 = DebugCommercial|x64
		{B0091365-C9BA-4F40-AE2B-EF93702871B2}.MementoExtract|x86.ActiveCfg = DebugCommercial|Win32
		{B0091365-C9BA-4F40-AE2B-EF93702871B2}.MementoExtract|x86.Build.0 = DebugCommercial|Win32
		{B0091365-C9BA-4F40-AE2B-EF93702871B2}.MementoOpenSSL|x64.ActiveCfg = DebugCommercial|x64
		{B0091365-C9BA-4F40-AE2B-EF93702871B2}.MementoOpenSSL|x64.Build.0 = DebugCommercial|x64
		{B0091365-C9BA-4F40-AE2B-EF93702871B2}.MementoOpenSSL|x86.ActiveCfg = DebugCommercial|Win32
		{B0091365-C9BA-4F40-AE2B-EF93702871B2}.MementoOpenSSL|x86.Build.0 = DebugCommercial|Win32
		{B0091365-C9BA-4F40-AE2B-EF93702871B2}.MementoTesseract|x64.ActiveCfg = DebugCommercial|x64
		{B0091365-C9BA-4F40-AE2B-EF93702871B2}.MementoTesseract|x64.Build.0 = DebugCommercial|x64
		{B0091365-C9BA-4F40-AE2B-EF93702871B2}.MementoTesseract|x86.ActiveCfg = DebugCommercial|Win32
		{B0091365-C9BA-4F40-AE2B-EF93702871B2}.MementoTesseract|x86.Build.0 = DebugCommercial|Win32
		{B0091365-C9BA-4F40-AE2B-EF93702871B2}.Release|x64.ActiveCfg = Release|x64
		{B0091365-C9BA-4F40-AE2B-EF93702871B2}.Release|x64.Build.0 = Release|x64
		{B0091365-C9BA-4F40-AE2B-EF93702871B2}.Release|x86.ActiveCfg = Release|Win32
		{B0091365-C9BA-4F40-AE2B-EF93702871B2}.Release|x86.Build.0 = Release|Win32
		{B0091365-C9BA-4F40-AE2B-EF93702871B2}.ReleaseCommercial|x64.ActiveCfg = ReleaseCommercial|x64
		{B0091365-C9BA-4F40-AE2B-EF93702871B2}.ReleaseCommercial|x64.Build.0 = ReleaseCommercial|x64
		{B0091365-C9BA-4F40-AE2B-EF93702871B2}.ReleaseCommercial|x86.ActiveCfg = ReleaseCommercial|Win32
		{B0091365-C9BA-4F40-AE2B-EF93702871B2}.ReleaseCommercial|x86.Build.0 = ReleaseCommercial|Win32
		{B0091365-C9BA-4F40-AE2B-EF93702871B2}.ReleaseExtract|x64.ActiveCfg = ReleaseCommercial|x64
		{B0091365-C9BA-4F40-AE2B-EF93702871B2}.ReleaseExtract|x64.Build.0 = ReleaseCommercial|x64
		{B0091365-C9BA-4F40-AE2B-EF93702871B2}.ReleaseExtract|x86.ActiveCfg = ReleaseCommercial|Win32
		{B0091365-C9BA-4F40-AE2B-EF93702871B2}.ReleaseExtract|x86.Build.0 = ReleaseCommercial|Win32
		{B0091365-C9BA-4F40-AE2B-EF93702871B2}.ReleaseJava|x64.ActiveCfg = ReleaseCommercial|x64
		{B0091365-C9BA-4F40-AE2B-EF93702871B2}.ReleaseJava|x64.Build.0 = ReleaseCommercial|x64
		{B0091365-C9BA-4F40-AE2B-EF93702871B2}.ReleaseJava|x86.ActiveCfg = ReleaseCommercial|Win32
		{B0091365-C9BA-4F40-AE2B-EF93702871B2}.ReleaseJava|x86.Build.0 = ReleaseCommercial|Win32
		{B0091365-C9BA-4F40-AE2B-EF93702871B2}.ReleaseOpenSSL|x64.ActiveCfg = ReleaseCommercial|x64
		{B0091365-C9BA-4F40-AE2B-EF93702871B2}.ReleaseOpenSSL|x64.Build.0 = ReleaseCommercial|x64
		{B0091365-C9BA-4F40-AE2B-EF93702871B2}.ReleaseOpenSSL|x86.ActiveCfg = ReleaseCommercial|Win32
		{B0091365-C9BA-4F40-AE2B-EF93702871B2}.ReleaseOpenSSL|x86.Build.0 = ReleaseCommercial|Win32
		{B0091365-C9BA-4F40-AE2B-EF93702871B2}.ReleaseTesseract|x64.ActiveCfg = ReleaseCommercial|x64
		{B0091365-C9BA-4F40-AE2B-EF93702871B2}.ReleaseTesseract|x64.Build.0 = ReleaseCommercial|x64
		{B0091365-C9BA-4F40-AE2B-EF93702871B2}.ReleaseTesseract|x86.ActiveCfg = ReleaseCommercial|Win32
		{B0091365-C9BA-4F40-AE2B-EF93702871B2}.ReleaseTesseract|x86.Build.0 = ReleaseCommercial|Win32
		{AC0BDA38-89B9-4703-A77D-8049AC3A0D04}.Debug|x64.ActiveCfg = Debug|x64
		{AC0BDA38-89B9-4703-A77D-8049AC3A0D04}.Debug|x64.Build.0 = Debug|x64
		{AC0BDA38-89B9-4703-A77D-8049AC3A0D04}.Debug|x86.ActiveCfg = Debug|Win32
		{AC0BDA38-89B9-4703-A77D-8049AC3A0D04}.Debug|x86.Build.0 = Debug|Win32
		{AC0BDA38-89B9-4703-A77D-8049AC3A0D04}.DebugCommercial|x64.ActiveCfg = Debug|x64
		{AC0BDA38-89B9-4703-A77D-8049AC3A0D04}.DebugCommercial|x64.Build.0 = Debug|x64
		{AC0BDA38-89B9-4703-A77D-8049AC3A0D04}.DebugCommercial|x86.ActiveCfg = Debug|Win32
		{AC0BDA38-89B9-4703-A77D-8049AC3A0D04}.DebugCommercial|x86.Build.0 = Debug|Win32
		{AC0BDA38-89B9-4703-A77D-8049AC3A0D04}.DebugExtract|x64.ActiveCfg = Debug|x64
		{AC0BDA38-89B9-4703-A77D-8049AC3A0D04}.DebugExtract|x64.Build.0 = Debug|x64
		{AC0BDA38-89B9-4703-A77D-8049AC3A0D04}.DebugExtract|x86.ActiveCfg = Debug|Win32
		{AC0BDA38-89B9-4703-A77D-8049AC3A0D04}.DebugExtract|x86.Build.0 = Debug|Win32
		{AC0BDA38-89B9-4703-A77D-8049AC3A0D04}.DebugJava|x64.ActiveCfg = Debug|x64
		{AC0BDA38-89B9-4703-A77D-8049AC3A0D04}.DebugJava|x64.Build.0 = Debug|x64
		{AC0BDA38-89B9-4703-A77D-8049AC3A0D04}.DebugJava|x86.ActiveCfg = Debug|Win32
		{AC0BDA38-89B9-4703-A77D-8049AC3A0D04}.DebugJava|x86.Build.0 = Debug|Win32
		{AC0BDA38-89B9-4703-A77D-8049AC3A0D04}.DebugOpenSSL|x64.ActiveCfg = Debug|x64
		{AC0BDA38-89B9-4703-A77D-8049AC3A0D04}.DebugOpenSSL|x64.Build.0 = Debug|x64
		{AC0BDA38-89B9-4703-A77D-8049AC3A0D04}.DebugOpenSSL|x86.ActiveCfg = Debug|Win32
		{AC0BDA38-89B9-4703-A77D-8049AC3A0D04}.DebugOpenSSL|x86.Build.0 = Debug|Win32
		{AC0BDA38-89B9-4703-A77D-8049AC3A0D04}.DebugTesseract|x64.ActiveCfg = Debug|x64
		{AC0BDA38-89B9-4703-A77D-8049AC3A0D04}.DebugTesseract|x64.Build.0 = Debug|x64
		{AC0BDA38-89B9-4703-A77D-8049AC3A0D04}.DebugTesseract|x86.ActiveCfg = Debug|Win32
		{AC0BDA38-89B9-4703-A77D-8049AC3A0D04}.DebugTesseract|x86.Build.0 = Debug|Win32
		{AC0BDA38-89B9-4703-A77D-8049AC3A0D04}.Disabled|x64.ActiveCfg = Disabled|x64
		{AC0BDA38-89B9-4703-A77D-8049AC3A0D04}.Disabled|x64.Build.0 = Disabled|x64
		{AC0BDA38-89B9-4703-A77D-8049AC3A0D04}.Disabled|x86.ActiveCfg = Disabled|Win32
		{AC0BDA38-89B9-4703-A77D-8049AC3A0D04}.Disabled|x86.Build.0 = Disabled|Win32
		{AC0BDA38-89B9-4703-A77D-8049AC3A0D04}.Memento|x64.ActiveCfg = Memento|x64
		{AC0BDA38-89B9-4703-A77D-8049AC3A0D04}.Memento|x64.Build.0 = Memento|x64
		{AC0BDA38-89B9-4703-A77D-8049AC3A0D04}.Memento|x86.ActiveCfg = Memento|Win32
		{AC0BDA38-89B9-4703-A77D-8049AC3A0D04}.Memento|x86.Build.0 = Memento|Win32
		{AC0BDA38-89B9-4703-A77D-8049AC3A0D04}.MementoCommercial|x64.ActiveCfg = Memento|x64
		{AC0BDA38-89B9-4703-A77D-8049AC3A0D04}.MementoCommercial|x64.Build.0 = Memento|x64
		{AC0BDA38-89B9-4703-A77D-8049AC3A0D04}.MementoCommercial|x86.ActiveCfg = Memento|Win32
		{AC0BDA38-89B9-4703-A77D-8049AC3A0D04}.MementoCommercial|x86.Build.0 = Memento|Win32
		{AC0BDA38-89B9-4703-A77D-8049AC3A0D04}.MementoExtract|x64.ActiveCfg = Memento|x64
		{AC0BDA38-89B9-4703-A77D-8049AC3A0D04}.MementoExtract|x64.Build.0 = Memento|x64
		{AC0BDA38-89B9-4703-A77D-8049AC3A0D04}.MementoExtract|x86.ActiveCfg = Memento|Win32
		{AC0BDA38-89B9-4703-A77D-8049AC3A0D04}.MementoExtract|x86.Build.0 = Memento|Win32
		{AC0BDA38-89B9-4703-A77D-8049AC3A0D04}.MementoOpenSSL|x64.ActiveCfg = Memento|x64
		{AC0BDA38-89B9-4703-A77D-8049AC3A0D04}.MementoOpenSSL|x64.Build.0 = Memento|x64
		{AC0BDA38-89B9-4703-A77D-8049AC3A0D04}.MementoOpenSSL|x86.ActiveCfg = Memento|Win32
		{AC0BDA38-89B9-4703-A77D-8049AC3A0D04}.MementoOpenSSL|x86.Build.0 = Memento|Win32
		{AC0BDA38-89B9-4703-A77D-8049AC3A0D04}.MementoTesseract|x64.ActiveCfg = Memento|x64
		{AC0BDA38-89B9-4703-A77D-8049AC3A0D04}.MementoTesseract|x64.Build.0 = Memento|x64
		{AC0BDA38-89B9-4703-A77D-8049AC3A0D04}.MementoTesseract|x86.ActiveCfg = Memento|Win32
		{AC0BDA38-89B9-4703-A77D-8049AC3A0D04}.MementoTesseract|x86.Build.0 = Memento|Win32
		{AC0BDA38-89B9-4703-A77D-8049AC3A0D04}.Release|x64.ActiveCfg = Release|x64
		{AC0BDA38-89B9-4703-A77D-8049AC3A0D04}.Release|x64.Build.0 = Release|x64
		{AC0BDA38-89B9-4703-A77D-8049AC3A0D04}.Release|x86.ActiveCfg = Release|Win32
		{AC0BDA38-89B9-4703-A77D-8049AC3A0D04}.Release|x86.Build.0 = Release|Win32
		{AC0BDA38-89B9-4703-A77D-8049AC3A0D04}.ReleaseCommercial|x64.ActiveCfg = Release|x64
		{AC0BDA38-89B9-4703-A77D-8049AC3A0D04}.ReleaseCommercial|x64.Build.0 = Release|x64
		{AC0BDA38-89B9-4703-A77D-8049AC3A0D04}.ReleaseCommercial|x86.ActiveCfg = Release|Win32
		{AC0BDA38-89B9-4703-A77D-8049AC3A0D04}.ReleaseCommercial|x86.Build.0 = Release|Win32
		{AC0BDA38-89B9-4703-A77D-8049AC3A0D04}.ReleaseExtract|x64.ActiveCfg = Release|x64
		{AC0BDA38-89B9-4703-A77D-8049AC3A0D04}.ReleaseExtract|x64.Build.0 = Release|x64
		{AC0BDA38-89B9-4703-A77D-8049AC3A0D04}.ReleaseExtract|x86.ActiveCfg = Release|Win32
		{AC0BDA38-89B9-4703-A77D-8049AC3A0D04}.ReleaseExtract|x86.Build.0 = Release|Win32
		{AC0BDA38-89B9-4703-A77D-8049AC3A0D04}.ReleaseJava|x64.ActiveCfg = Release|x64
		{AC0BDA38-89B9-4703-A77D-8049AC3A0D04}.ReleaseJava|x64.Build.0 = Release|x64
		{AC0BDA38-89B9-4703-A77D-8049AC3A0D04}.ReleaseJava|x86.ActiveCfg = Release|Win32
		{AC0BDA38-89B9-4703-A77D-8049AC3A0D04}.ReleaseJava|x86.Build.0 = Release|Win32
		{AC0BDA38-89B9-4703-A77D-8049AC3A0D04}.ReleaseOpenSSL|x64.ActiveCfg = Release|x64
		{AC0BDA38-89B9-4703-A77D-8049AC3A0D04}.ReleaseOpenSSL|x64.Build.0 = Release|x64
		{AC0BDA38-89B9-4703-A77D-8049AC3A0D04}.ReleaseOpenSSL|x86.ActiveCfg = Release|Win32
		{AC0BDA38-89B9-4703-A77D-8049AC3A0D04}.ReleaseOpenSSL|x86.Build.0 = Release|Win32
		{AC0BDA38-89B9-4703-A77D-8049AC3A0D04}.ReleaseTesseract|x64.ActiveCfg = Release|x64
		{AC0BDA38-89B9-4703-A77D-8049AC3A0D04}.ReleaseTesseract|x64.Build.0 = Release|x64
		{AC0BDA38-89B9-4703-A77D-8049AC3A0D04}.ReleaseTesseract|x86.ActiveCfg = Release|Win32
		{AC0BDA38-89B9-4703-A77D-8049AC3A0D04}.ReleaseTesseract|x86.Build.0 = Release|Win32
		{52DCAB29-C8EE-4422-954C-29AFA6B33E22}.Debug|x64.ActiveCfg = Release|x64
		{52DCAB29-C8EE-4422-954C-29AFA6B33E22}.Debug|x64.Build.0 = Release|x64
		{52DCAB29-C8EE-4422-954C-29AFA6B33E22}.Debug|x86.ActiveCfg = Release|Win32
		{52DCAB29-C8EE-4422-954C-29AFA6B33E22}.Debug|x86.Build.0 = Release|Win32
		{52DCAB29-C8EE-4422-954C-29AFA6B33E22}.DebugCommercial|x64.ActiveCfg = Release|x64
		{52DCAB29-C8EE-4422-954C-29AFA6B33E22}.DebugCommercial|x64.Build.0 = Release|x64
		{52DCAB29-C8EE-4422-954C-29AFA6B33E22}.DebugCommercial|x86.ActiveCfg = Release|Win32
		{52DCAB29-C8EE-4422-954C-29AFA6B33E22}.DebugCommercial|x86.Build.0 = Release|Win32
		{52DCAB29-C8EE-4422-954C-29AFA6B33E22}.DebugExtract|x64.ActiveCfg = Release|x64
		{52DCAB29-C8EE-4422-954C-29AFA6B33E22}.DebugExtract|x64.Build.0 = Release|x64
		{52DCAB29-C8EE-4422-954C-29AFA6B33E22}.DebugExtract|x86.ActiveCfg = Release|Win32
		{52DCAB29-C8EE-4422-954C-29AFA6B33E22}.DebugExtract|x86.Build.0 = Release|Win32
		{52DCAB29-C8EE-4422-954C-29AFA6B33E22}.DebugJava|x64.ActiveCfg = Release|x64
		{52DCAB29-C8EE-4422-954C-29AFA6B33E22}.DebugJava|x64.Build.0 = Release|x64
		{52DCAB29-C8EE-4422-954C-29AFA6B33E22}.DebugJava|x86.ActiveCfg = Release|Win32
		{52DCAB29-C8EE-4422-954C-29AFA6B33E22}.DebugJava|x86.Build.0 = Release|Win32
		{52DCAB29-C8EE-4422-954C-29AFA6B33E22}.DebugOpenSSL|x64.ActiveCfg = Release|x64
		{52DCAB29-C8EE-4422-954C-29AFA6B33E22}.DebugOpenSSL|x64.Build.0 = Release|x64
		{52DCAB29-C8EE-4422-954C-29AFA6B33E22}.DebugOpenSSL|x86.ActiveCfg = Release|Win32
		{52DCAB29-C8EE-4422-954C-29AFA6B33E22}.DebugOpenSSL|x86.Build.0 = Release|Win32
		{52DCAB29-C8EE-4422-954C-29AFA6B33E22}.DebugTesseract|x64.ActiveCfg = Release|x64
		{52DCAB29-C8EE-4422-954C-29AFA6B33E22}.DebugTesseract|x64.Build.0 = Release|x64
		{52DCAB29-C8EE-4422-954C-29AFA6B33E22}.DebugTesseract|x86.ActiveCfg = Release|Win32
		{52DCAB29-C8EE-4422-954C-29AFA6B33E22}.DebugTesseract|x86.Build.0 = Release|Win32
		{52DCAB29-C8EE-4422-954C-29AFA6B33E22}.Disabled|x64.ActiveCfg = Release|x64
		{52DCAB29-C8EE-4422-954C-29AFA6B33E22}.Disabled|x64.Build.0 = Release|x64
		{52DCAB29-C8EE-4422-954C-29AFA6B33E22}.Disabled|x86.ActiveCfg = Release|Win32
		{52DCAB29-C8EE-4422-954C-29AFA6B33E22}.Disabled|x86.Build.0 = Release|Win32
		{52DCAB29-C8EE-4422-954C-29AFA6B33E22}.Memento|x64.ActiveCfg = Release|x64
		{52DCAB29-C8EE-4422-954C-29AFA6B33E22}.Memento|x64.Build.0 = Release|x64
		{52DCAB29-C8EE-4422-954C-29AFA6B33E22}.Memento|x86.ActiveCfg = Release|Win32
		{52DCAB29-C8EE-4422-954C-29AFA6B33E22}.Memento|x86.Build.0 = Release|Win32
		{52DCAB29-C8EE-4422-954C-29AFA6B33E22}.MementoCommercial|x64.ActiveCfg = Release|x64
		{52DCAB29-C8EE-4422-954C-29AFA6B33E22}.MementoCommercial|x64.Build.0 = Release|x64
		{52DCAB29-C8EE-4422-954C-29AFA6B33E22}.MementoCommercial|x86.ActiveCfg = Release|Win32
		{52DCAB29-C8EE-4422-954C-29AFA6B33E22}.MementoCommercial|x86.Build.0 = Release|Win32
		{52DCAB29-C8EE-4422-954C-29AFA6B33E22}.MementoExtract|x64.ActiveCfg = Release|x64
		{52DCAB29-C8EE-4422-954C-29AFA6B33E22}.MementoExtract|x64.Build.0 = Release|x64
		{52DCAB29-C8EE-4422-954C-29AFA6B33E22}.MementoExtract|x86.ActiveCfg = Release|Win32
		{52DCAB29-C8EE-4422-954C-29AFA6B33E22}.MementoExtract|x86.Build.0 = Release|Win32
		{52DCAB29-C8EE-4422-954C-29AFA6B33E22}.MementoOpenSSL|x64.ActiveCfg = Release|x64
		{52DCAB29-C8EE-4422-954C-29AFA6B33E22}.MementoOpenSSL|x64.Build.0 = Release|x64
		{52DCAB29-C8EE-4422-954C-29AFA6B33E22}.MementoOpenSSL|x86.ActiveCfg = Release|Win32
		{52DCAB29-C8EE-4422-954C-29AFA6B33E22}.MementoOpenSSL|x86.Build.0 = Release|Win32
		{52DCAB29-C8EE-4422-954C-29AFA6B33E22}.MementoTesseract|x64.ActiveCfg = Release|x64
		{52DCAB29-C8EE-4422-954C-29AFA6B33E22}.MementoTesseract|x64.Build.0 = Release|x64
		{52DCAB29-C8EE-4422-954C-29AFA6B33E22}.MementoTesseract|x86.ActiveCfg = Release|Win32
		{52DCAB29-C8EE-4422-954C-29AFA6B33E22}.MementoTesseract|x86.Build.0 = Release|Win32
		{52DCAB29-C8EE-4422-954C-29AFA6B33E22}.Release|x64.ActiveCfg = Release|x64
		{52DCAB29-C8EE-4422-954C-29AFA6B33E22}.Release|x64.Build.0 = Release|x64
		{52DCAB29-C8EE-4422-954C-29AFA6B33E22}.Release|x86.ActiveCfg = Release|Win32
		{52DCAB29-C8EE-4422-954C-29AFA6B33E22}.Release|x86.Build.0 = Release|Win32
		{52DCAB29-C8EE-4422-954C-29AFA6B33E22}.ReleaseCommercial|x64.ActiveCfg = Release|x64
		{52DCAB29-C8EE-4422-954C-29AFA6B33E22}.ReleaseCommercial|x64.Build.0 = Release|x64
		{52DCAB29-C8EE-4422-954C-29AFA6B33E22}.ReleaseCommercial|x86.ActiveCfg = Release|Win32
		{52DCAB29-C8EE-4422-954C-29AFA6B33E22}.ReleaseCommercial|x86.Build.0 = Release|Win32
		{52DCAB29-C8EE-4422-954C-29AFA6B33E22}.ReleaseExtract|x64.ActiveCfg = Release|x64
		{52DCAB29-C8EE-4422-954C-29AFA6B33E22}.ReleaseExtract|x64.Build.0 = Release|x64
		{52DCAB29-C8EE-4422-954C-29AFA6B33E22}.ReleaseExtract|x86.ActiveCfg = Release|Win32
		{52DCAB29-C8EE-4422-954C-29AFA6B33E22}.ReleaseExtract|x86.Build.0 = Release|Win32
		{52DCAB29-C8EE-4422-954C-29AFA6B33E22}.ReleaseJava|x64.ActiveCfg = Release|x64
		{52DCAB29-C8EE-4422-954C-29AFA6B33E22}.ReleaseJava|x64.Build.0 = Release|x64
		{52DCAB29-C8EE-4422-954C-29AFA6B33E22}.ReleaseJava|x86.ActiveCfg = Release|Win32
		{52DCAB29-C8EE-4422-954C-29AFA6B33E22}.ReleaseJava|x86.Build.0 = Release|Win32
		{52DCAB29-C8EE-4422-954C-29AFA6B33E22}.ReleaseOpenSSL|x64.ActiveCfg = Release|x64
		{52DCAB29-C8EE-4422-954C-29AFA6B33E22}.ReleaseOpenSSL|x64.Build.0 = Release|x64
		{52DCAB29-C8EE-4422-954C-29AFA6B33E22}.ReleaseOpenSSL|x86.ActiveCfg = Release|Win32
		{52DCAB29-C8EE-4422-954C-29AFA6B33E22}.ReleaseOpenSSL|x86.Build.0 = Release|Win32
		{52DCAB29-C8EE-4422-954C-29AFA6B33E22}.ReleaseTesseract|x64.ActiveCfg = Release|x64
		{52DCAB29-C8EE-4422-954C-29AFA6B33E22}.ReleaseTesseract|x64.Build.0 = Release|x64
		{52DCAB29-C8EE-4422-954C-29AFA6B33E22}.ReleaseTesseract|x86.ActiveCfg = Release|Win32
		{52DCAB29-C8EE-4422-954C-29AFA6B33E22}.ReleaseTesseract|x86.Build.0 = Release|Win32
		{5EDCF4FD-0291-4FB9-8D96-D58957CA5E3C}.Debug|x64.ActiveCfg = Debug|x64
		{5EDCF4FD-0291-4FB9-8D96-D58957CA5E3C}.Debug|x64.Build.0 = Debug|x64
		{5EDCF4FD-0291-4FB9-8D96-D58957CA5E3C}.Debug|x86.ActiveCfg = Debug|Win32
		{5EDCF4FD-0291-4FB9-8D96-D58957CA5E3C}.Debug|x86.Build.0 = Debug|Win32
		{5EDCF4FD-0291-4FB9-8D96-D58957CA5E3C}.DebugCommercial|x64.ActiveCfg = DebugJava|x64
		{5EDCF4FD-0291-4FB9-8D96-D58957CA5E3C}.DebugCommercial|x64.Build.0 = DebugJava|x64
		{5EDCF4FD-0291-4FB9-8D96-D58957CA5E3C}.DebugCommercial|x86.ActiveCfg = Debug|Win32
		{5EDCF4FD-0291-4FB9-8D96-D58957CA5E3C}.DebugCommercial|x86.Build.0 = Debug|Win32
		{5EDCF4FD-0291-4FB9-8D96-D58957CA5E3C}.DebugExtract|x64.ActiveCfg = DebugJava|x64
		{5EDCF4FD-0291-4FB9-8D96-D58957CA5E3C}.DebugExtract|x64.Build.0 = DebugJava|x64
		{5EDCF4FD-0291-4FB9-8D96-D58957CA5E3C}.DebugExtract|x86.ActiveCfg = Debug|Win32
		{5EDCF4FD-0291-4FB9-8D96-D58957CA5E3C}.DebugExtract|x86.Build.0 = Debug|Win32
		{5EDCF4FD-0291-4FB9-8D96-D58957CA5E3C}.DebugJava|x64.ActiveCfg = DebugJava|x64
		{5EDCF4FD-0291-4FB9-8D96-D58957CA5E3C}.DebugJava|x64.Build.0 = DebugJava|x64
		{5EDCF4FD-0291-4FB9-8D96-D58957CA5E3C}.DebugJava|x86.ActiveCfg = DebugJava|Win32
		{5EDCF4FD-0291-4FB9-8D96-D58957CA5E3C}.DebugJava|x86.Build.0 = DebugJava|Win32
		{5EDCF4FD-0291-4FB9-8D96-D58957CA5E3C}.DebugOpenSSL|x64.ActiveCfg = DebugJava|x64
		{5EDCF4FD-0291-4FB9-8D96-D58957CA5E3C}.DebugOpenSSL|x64.Build.0 = DebugJava|x64
		{5EDCF4FD-0291-4FB9-8D96-D58957CA5E3C}.DebugOpenSSL|x86.ActiveCfg = Debug|Win32
		{5EDCF4FD-0291-4FB9-8D96-D58957CA5E3C}.DebugOpenSSL|x86.Build.0 = Debug|Win32
		{5EDCF4FD-0291-4FB9-8D96-D58957CA5E3C}.DebugTesseract|x64.ActiveCfg = DebugJava|x64
		{5EDCF4FD-0291-4FB9-8D96-D58957CA5E3C}.DebugTesseract|x64.Build.0 = DebugJava|x64
		{5EDCF4FD-0291-4FB9-8D96-D58957CA5E3C}.DebugTesseract|x86.ActiveCfg = Debug|Win32
		{5EDCF4FD-0291-4FB9-8D96-D58957CA5E3C}.DebugTesseract|x86.Build.0 = Debug|Win32
		{5EDCF4FD-0291-4FB9-8D96-D58957CA5E3C}.Disabled|x64.ActiveCfg = DebugJava|x64
		{5EDCF4FD-0291-4FB9-8D96-D58957CA5E3C}.Disabled|x64.Build.0 = DebugJava|x64
		{5EDCF4FD-0291-4FB9-8D96-D58957CA5E3C}.Disabled|x86.ActiveCfg = Debug|Win32
		{5EDCF4FD-0291-4FB9-8D96-D58957CA5E3C}.Disabled|x86.Build.0 = Debug|Win32
		{5EDCF4FD-0291-4FB9-8D96-D58957CA5E3C}.Memento|x64.ActiveCfg = Memento|x64
		{5EDCF4FD-0291-4FB9-8D96-D58957CA5E3C}.Memento|x64.Build.0 = Memento|x64
		{5EDCF4FD-0291-4FB9-8D96-D58957CA5E3C}.Memento|x86.ActiveCfg = Memento|Win32
		{5EDCF4FD-0291-4FB9-8D96-D58957CA5E3C}.Memento|x86.Build.0 = Memento|Win32
		{5EDCF4FD-0291-4FB9-8D96-D58957CA5E3C}.MementoCommercial|x64.ActiveCfg = Memento|x64
		{5EDCF4FD-0291-4FB9-8D96-D58957CA5E3C}.MementoCommercial|x64.Build.0 = Memento|x64
		{5EDCF4FD-0291-4FB9-8D96-D58957CA5E3C}.MementoCommercial|x86.ActiveCfg = Memento|Win32
		{5EDCF4FD-0291-4FB9-8D96-D58957CA5E3C}.MementoCommercial|x86.Build.0 = Memento|Win32
		{5EDCF4FD-0291-4FB9-8D96-D58957CA5E3C}.MementoExtract|x64.ActiveCfg = Memento|x64
		{5EDCF4FD-0291-4FB9-8D96-D58957CA5E3C}.MementoExtract|x64.Build.0 = Memento|x64
		{5EDCF4FD-0291-4FB9-8D96-D58957CA5E3C}.MementoExtract|x86.ActiveCfg = Memento|Win32
		{5EDCF4FD-0291-4FB9-8D96-D58957CA5E3C}.MementoExtract|x86.Build.0 = Memento|Win32
		{5EDCF4FD-0291-4FB9-8D96-D58957CA5E3C}.MementoOpenSSL|x64.ActiveCfg = Memento|x64
		{5EDCF4FD-0291-4FB9-8D96-D58957CA5E3C}.MementoOpenSSL|x64.Build.0 = Memento|x64
		{5EDCF4FD-0291-4FB9-8D96-D58957CA5E3C}.MementoOpenSSL|x86.ActiveCfg = Memento|Win32
		{5EDCF4FD-0291-4FB9-8D96-D58957CA5E3C}.MementoOpenSSL|x86.Build.0 = Memento|Win32
		{5EDCF4FD-0291-4FB9-8D96-D58957CA5E3C}.MementoTesseract|x64.ActiveCfg = Memento|x64
		{5EDCF4FD-0291-4FB9-8D96-D58957CA5E3C}.MementoTesseract|x64.Build.0 = Memento|x64
		{5EDCF4FD-0291-4FB9-8D96-D58957CA5E3C}.MementoTesseract|x86.ActiveCfg = Memento|Win32
		{5EDCF4FD-0291-4FB9-8D96-D58957CA5E3C}.MementoTesseract|x86.Build.0 = Memento|Win32
		{5EDCF4FD-0291-4FB9-8D96-D58957CA5E3C}.Release|x64.ActiveCfg = Release|x64
		{5EDCF4FD-0291-4FB9-8D96-D58957CA5E3C}.Release|x64.Build.0 = Release|x64
		{5EDCF4FD-0291-4FB9-8D96-D58957CA5E3C}.Release|x86.ActiveCfg = Release|Win32
		{5EDCF4FD-0291-4FB9-8D96-D58957CA5E3C}.Release|x86.Build.0 = Release|Win32
		{5EDCF4FD-0291-4FB9-8D96-D58957CA5E3C}.ReleaseCommercial|x64.ActiveCfg = ReleaseJava|x64
		{5EDCF4FD-0291-4FB9-8D96-D58957CA5E3C}.ReleaseCommercial|x64.Build.0 = ReleaseJava|x64
		{5EDCF4FD-0291-4FB9-8D96-D58957CA5E3C}.ReleaseCommercial|x86.ActiveCfg = ReleaseJava|Win32
		{5EDCF4FD-0291-4FB9-8D96-D58957CA5E3C}.ReleaseCommercial|x86.Build.0 = ReleaseJava|Win32
		{5EDCF4FD-0291-4FB9-8D96-D58957CA5E3C}.ReleaseExtract|x64.ActiveCfg = ReleaseJava|x64
		{5EDCF4FD-0291-4FB9-8D96-D58957CA5E3C}.ReleaseExtract|x64.Build.0 = ReleaseJava|x64
		{5EDCF4FD-0291-4FB9-8D96-D58957CA5E3C}.ReleaseExtract|x86.ActiveCfg = ReleaseJava|Win32
		{5EDCF4FD-0291-4FB9-8D96-D58957CA5E3C}.ReleaseExtract|x86.Build.0 = ReleaseJava|Win32
		{5EDCF4FD-0291-4FB9-8D96-D58957CA5E3C}.ReleaseJava|x64.ActiveCfg = ReleaseJava|x64
		{5EDCF4FD-0291-4FB9-8D96-D58957CA5E3C}.ReleaseJava|x64.Build.0 = ReleaseJava|x64
		{5EDCF4FD-0291-4FB9-8D96-D58957CA5E3C}.ReleaseJava|x86.ActiveCfg = ReleaseJava|Win32
		{5EDCF4FD-0291-4FB9-8D96-D58957CA5E3C}.ReleaseJava|x86.Build.0 = ReleaseJava|Win32
		{5EDCF4FD-0291-4FB9-8D96-D58957CA5E3C}.ReleaseOpenSSL|x64.ActiveCfg = ReleaseJava|x64
		{5EDCF4FD-0291-4FB9-8D96-D58957CA5E3C}.ReleaseOpenSSL|x64.Build.0 = ReleaseJava|x64
		{5EDCF4FD-0291-4FB9-8D96-D58957CA5E3C}.ReleaseOpenSSL|x86.ActiveCfg = ReleaseJava|Win32
		{5EDCF4FD-0291-4FB9-8D96-D58957CA5E3C}.ReleaseOpenSSL|x86.Build.0 = ReleaseJava|Win32
		{5EDCF4FD-0291-4FB9-8D96-D58957CA5E3C}.ReleaseTesseract|x64.ActiveCfg = ReleaseJava|x64
		{5EDCF4FD-0291-4FB9-8D96-D58957CA5E3C}.ReleaseTesseract|x64.Build.0 = ReleaseJava|x64
		{5EDCF4FD-0291-4FB9-8D96-D58957CA5E3C}.ReleaseTesseract|x86.ActiveCfg = ReleaseJava|Win32
		{5EDCF4FD-0291-4FB9-8D96-D58957CA5E3C}.ReleaseTesseract|x86.Build.0 = ReleaseJava|Win32
		{22462382-B30D-42A5-BF07-EE1A35E25D21}.Debug|x64.ActiveCfg = Debug|x64
		{22462382-B30D-42A5-BF07-EE1A35E25D21}.Debug|x64.Build.0 = Debug|x64
		{22462382-B30D-42A5-BF07-EE1A35E25D21}.Debug|x86.ActiveCfg = Debug|Win32
		{22462382-B30D-42A5-BF07-EE1A35E25D21}.Debug|x86.Build.0 = Debug|Win32
		{22462382-B30D-42A5-BF07-EE1A35E25D21}.DebugCommercial|x64.ActiveCfg = DebugOpenSSL|x64
		{22462382-B30D-42A5-BF07-EE1A35E25D21}.DebugCommercial|x64.Build.0 = DebugOpenSSL|x64
		{22462382-B30D-42A5-BF07-EE1A35E25D21}.DebugCommercial|x86.ActiveCfg = Debug|Win32
		{22462382-B30D-42A5-BF07-EE1A35E25D21}.DebugCommercial|x86.Build.0 = Debug|Win32
		{22462382-B30D-42A5-BF07-EE1A35E25D21}.DebugExtract|x64.ActiveCfg = DebugOpenSSL|x64
		{22462382-B30D-42A5-BF07-EE1A35E25D21}.DebugExtract|x64.Build.0 = DebugOpenSSL|x64
		{22462382-B30D-42A5-BF07-EE1A35E25D21}.DebugExtract|x86.ActiveCfg = Debug|Win32
		{22462382-B30D-42A5-BF07-EE1A35E25D21}.DebugExtract|x86.Build.0 = Debug|Win32
		{22462382-B30D-42A5-BF07-EE1A35E25D21}.DebugJava|x64.ActiveCfg = DebugOpenSSL|x64
		{22462382-B30D-42A5-BF07-EE1A35E25D21}.DebugJava|x64.Build.0 = DebugOpenSSL|x64
		{22462382-B30D-42A5-BF07-EE1A35E25D21}.DebugJava|x86.ActiveCfg = Debug|Win32
		{22462382-B30D-42A5-BF07-EE1A35E25D21}.DebugJava|x86.Build.0 = Debug|Win32
		{22462382-B30D-42A5-BF07-EE1A35E25D21}.DebugOpenSSL|x64.ActiveCfg = DebugOpenSSL|x64
		{22462382-B30D-42A5-BF07-EE1A35E25D21}.DebugOpenSSL|x64.Build.0 = DebugOpenSSL|x64
		{22462382-B30D-42A5-BF07-EE1A35E25D21}.DebugOpenSSL|x86.ActiveCfg = DebugOpenSSL|Win32
		{22462382-B30D-42A5-BF07-EE1A35E25D21}.DebugOpenSSL|x86.Build.0 = DebugOpenSSL|Win32
		{22462382-B30D-42A5-BF07-EE1A35E25D21}.DebugTesseract|x64.ActiveCfg = DebugOpenSSL|x64
		{22462382-B30D-42A5-BF07-EE1A35E25D21}.DebugTesseract|x64.Build.0 = DebugOpenSSL|x64
		{22462382-B30D-42A5-BF07-EE1A35E25D21}.DebugTesseract|x86.ActiveCfg = Debug|Win32
		{22462382-B30D-42A5-BF07-EE1A35E25D21}.DebugTesseract|x86.Build.0 = Debug|Win32
		{22462382-B30D-42A5-BF07-EE1A35E25D21}.Disabled|x64.ActiveCfg = DebugOpenSSL|x64
		{22462382-B30D-42A5-BF07-EE1A35E25D21}.Disabled|x64.Build.0 = DebugOpenSSL|x64
		{22462382-B30D-42A5-BF07-EE1A35E25D21}.Disabled|x86.ActiveCfg = Debug|Win32
		{22462382-B30D-42A5-BF07-EE1A35E25D21}.Disabled|x86.Build.0 = Debug|Win32
		{22462382-B30D-42A5-BF07-EE1A35E25D21}.Memento|x64.ActiveCfg = Memento|x64
		{22462382-B30D-42A5-BF07-EE1A35E25D21}.Memento|x64.Build.0 = Memento|x64
		{22462382-B30D-42A5-BF07-EE1A35E25D21}.Memento|x86.ActiveCfg = Memento|Win32
		{22462382-B30D-42A5-BF07-EE1A35E25D21}.Memento|x86.Build.0 = Memento|Win32
		{22462382-B30D-42A5-BF07-EE1A35E25D21}.MementoCommercial|x64.ActiveCfg = Memento|x64
		{22462382-B30D-42A5-BF07-EE1A35E25D21}.MementoCommercial|x64.Build.0 = Memento|x64
		{22462382-B30D-42A5-BF07-EE1A35E25D21}.MementoCommercial|x86.ActiveCfg = Memento|Win32
		{22462382-B30D-42A5-BF07-EE1A35E25D21}.MementoCommercial|x86.Build.0 = Memento|Win32
		{22462382-B30D-42A5-BF07-EE1A35E25D21}.MementoExtract|x64.ActiveCfg = Memento|x64
		{22462382-B30D-42A5-BF07-EE1A35E25D21}.MementoExtract|x64.Build.0 = Memento|x64
		{22462382-B30D-42A5-BF07-EE1A35E25D21}.MementoExtract|x86.ActiveCfg = Memento|Win32
		{22462382-B30D-42A5-BF07-EE1A35E25D21}.MementoExtract|x86.Build.0 = Memento|Win32
		{22462382-B30D-42A5-BF07-EE1A35E25D21}.MementoOpenSSL|x64.ActiveCfg = MementoOpenSSL|x64
		{22462382-B30D-42A5-BF07-EE1A35E25D21}.MementoOpenSSL|x64.Build.0 = MementoOpenSSL|x64
		{22462382-B30D-42A5-BF07-EE1A35E25D21}.MementoOpenSSL|x86.ActiveCfg = MementoOpenSSL|Win32
		{22462382-B30D-42A5-BF07-EE1A35E25D21}.MementoOpenSSL|x86.Build.0 = MementoOpenSSL|Win32
		{22462382-B30D-42A5-BF07-EE1A35E25D21}.MementoTesseract|x64.ActiveCfg = Memento|x64
		{22462382-B30D-42A5-BF07-EE1A35E25D21}.MementoTesseract|x64.Build.0 = Memento|x64
		{22462382-B30D-42A5-BF07-EE1A35E25D21}.MementoTesseract|x86.ActiveCfg = Memento|Win32
		{22462382-B30D-42A5-BF07-EE1A35E25D21}.MementoTesseract|x86.Build.0 = Memento|Win32
		{22462382-B30D-42A5-BF07-EE1A35E25D21}.Release|x64.ActiveCfg = Release|x64
		{22462382-B30D-42A5-BF07-EE1A35E25D21}.Release|x64.Build.0 = Release|x64
		{22462382-B30D-42A5-BF07-EE1A35E25D21}.Release|x86.ActiveCfg = Release|Win32
		{22462382-B30D-42A5-BF07-EE1A35E25D21}.Release|x86.Build.0 = Release|Win32
		{22462382-B30D-42A5-BF07-EE1A35E25D21}.ReleaseCommercial|x64.ActiveCfg = ReleaseOpenSSL|x64
		{22462382-B30D-42A5-BF07-EE1A35E25D21}.ReleaseCommercial|x64.Build.0 = ReleaseOpenSSL|x64
		{22462382-B30D-42A5-BF07-EE1A35E25D21}.ReleaseCommercial|x86.ActiveCfg = ReleaseOpenSSL|Win32
		{22462382-B30D-42A5-BF07-EE1A35E25D21}.ReleaseCommercial|x86.Build.0 = ReleaseOpenSSL|Win32
		{22462382-B30D-42A5-BF07-EE1A35E25D21}.ReleaseExtract|x64.ActiveCfg = ReleaseOpenSSL|x64
		{22462382-B30D-42A5-BF07-EE1A35E25D21}.ReleaseExtract|x64.Build.0 = ReleaseOpenSSL|x64
		{22462382-B30D-42A5-BF07-EE1A35E25D21}.ReleaseExtract|x86.ActiveCfg = ReleaseOpenSSL|Win32
		{22462382-B30D-42A5-BF07-EE1A35E25D21}.ReleaseExtract|x86.Build.0 = ReleaseOpenSSL|Win32
		{22462382-B30D-42A5-BF07-EE1A35E25D21}.ReleaseJava|x64.ActiveCfg = ReleaseOpenSSL|x64
		{22462382-B30D-42A5-BF07-EE1A35E25D21}.ReleaseJava|x64.Build.0 = ReleaseOpenSSL|x64
		{22462382-B30D-42A5-BF07-EE1A35E25D21}.ReleaseJava|x86.ActiveCfg = ReleaseOpenSSL|Win32
		{22462382-B30D-42A5-BF07-EE1A35E25D21}.ReleaseJava|x86.Build.0 = ReleaseOpenSSL|Win32
		{22462382-B30D-42A5-BF07-EE1A35E25D21}.ReleaseOpenSSL|x64.ActiveCfg = ReleaseOpenSSL|x64
		{22462382-B30D-42A5-BF07-EE1A35E25D21}.ReleaseOpenSSL|x64.Build.0 = ReleaseOpenSSL|x64
		{22462382-B30D-42A5-BF07-EE1A35E25D21}.ReleaseOpenSSL|x86.ActiveCfg = ReleaseOpenSSL|Win32
		{22462382-B30D-42A5-BF07-EE1A35E25D21}.ReleaseOpenSSL|x86.Build.0 = ReleaseOpenSSL|Win32
		{22462382-B30D-42A5-BF07-EE1A35E25D21}.ReleaseTesseract|x64.ActiveCfg = ReleaseOpenSSL|x64
		{22462382-B30D-42A5-BF07-EE1A35E25D21}.ReleaseTesseract|x64.Build.0 = ReleaseOpenSSL|x64
		{22462382-B30D-42A5-BF07-EE1A35E25D21}.ReleaseTesseract|x86.ActiveCfg = ReleaseOpenSSL|Win32
		{22462382-B30D-42A5-BF07-EE1A35E25D21}.ReleaseTesseract|x86.Build.0 = ReleaseOpenSSL|Win32
		{CA0BDA38-89B9-4703-A77D-8049AC3A0D04}.Debug|x64.ActiveCfg = Debug|x64
		{CA0BDA38-89B9-4703-A77D-8049AC3A0D04}.Debug|x64.Build.0 = Debug|x64
		{CA0BDA38-89B9-4703-A77D-8049AC3A0D04}.Debug|x86.ActiveCfg = Debug|Win32
		{CA0BDA38-89B9-4703-A77D-8049AC3A0D04}.Debug|x86.Build.0 = Debug|Win32
		{CA0BDA38-89B9-4703-A77D-8049AC3A0D04}.DebugCommercial|x64.ActiveCfg = Debug|x64
		{CA0BDA38-89B9-4703-A77D-8049AC3A0D04}.DebugCommercial|x64.Build.0 = Debug|x64
		{CA0BDA38-89B9-4703-A77D-8049AC3A0D04}.DebugCommercial|x86.ActiveCfg = Debug|Win32
		{CA0BDA38-89B9-4703-A77D-8049AC3A0D04}.DebugCommercial|x86.Build.0 = Debug|Win32
		{CA0BDA38-89B9-4703-A77D-8049AC3A0D04}.DebugExtract|x64.ActiveCfg = Debug|x64
		{CA0BDA38-89B9-4703-A77D-8049AC3A0D04}.DebugExtract|x64.Build.0 = Debug|x64
		{CA0BDA38-89B9-4703-A77D-8049AC3A0D04}.DebugExtract|x86.ActiveCfg = Debug|Win32
		{CA0BDA38-89B9-4703-A77D-8049AC3A0D04}.DebugExtract|x86.Build.0 = Debug|Win32
		{CA0BDA38-89B9-4703-A77D-8049AC3A0D04}.DebugJava|x64.ActiveCfg = Debug|x64
		{CA0BDA38-89B9-4703-A77D-8049AC3A0D04}.DebugJava|x64.Build.0 = Debug|x64
		{CA0BDA38-89B9-4703-A77D-8049AC3A0D04}.DebugJava|x86.ActiveCfg = Debug|Win32
		{CA0BDA38-89B9-4703-A77D-8049AC3A0D04}.DebugJava|x86.Build.0 = Debug|Win32
		{CA0BDA38-89B9-4703-A77D-8049AC3A0D04}.DebugOpenSSL|x64.ActiveCfg = Debug|x64
		{CA0BDA38-89B9-4703-A77D-8049AC3A0D04}.DebugOpenSSL|x64.Build.0 = Debug|x64
		{CA0BDA38-89B9-4703-A77D-8049AC3A0D04}.DebugOpenSSL|x86.ActiveCfg = Debug|Win32
		{CA0BDA38-89B9-4703-A77D-8049AC3A0D04}.DebugOpenSSL|x86.Build.0 = Debug|Win32
		{CA0BDA38-89B9-4703-A77D-8049AC3A0D04}.DebugTesseract|x64.ActiveCfg = Debug|x64
		{CA0BDA38-89B9-4703-A77D-8049AC3A0D04}.DebugTesseract|x64.Build.0 = Debug|x64
		{CA0BDA38-89B9-4703-A77D-8049AC3A0D04}.DebugTesseract|x86.ActiveCfg = Debug|Win32
		{CA0BDA38-89B9-4703-A77D-8049AC3A0D04}.DebugTesseract|x86.Build.0 = Debug|Win32
		{CA0BDA38-89B9-4703-A77D-8049AC3A0D04}.Disabled|x64.ActiveCfg = Disabled|x64
		{CA0BDA38-89B9-4703-A77D-8049AC3A0D04}.Disabled|x64.Build.0 = Disabled|x64
		{CA0BDA38-89B9-4703-A77D-8049AC3A0D04}.Disabled|x86.ActiveCfg = Disabled|Win32
		{CA0BDA38-89B9-4703-A77D-8049AC3A0D04}.Disabled|x86.Build.0 = Disabled|Win32
		{CA0BDA38-89B9-4703-A77D-8049AC3A0D04}.Memento|x64.ActiveCfg = Memento|x64
		{CA0BDA38-89B9-4703-A77D-8049AC3A0D04}.Memento|x64.Build.0 = Memento|x64
		{CA0BDA38-89B9-4703-A77D-8049AC3A0D04}.Memento|x86.ActiveCfg = Memento|Win32
		{CA0BDA38-89B9-4703-A77D-8049AC3A0D04}.Memento|x86.Build.0 = Memento|Win32
		{CA0BDA38-89B9-4703-A77D-8049AC3A0D04}.MementoCommercial|x64.ActiveCfg = Memento|x64
		{CA0BDA38-89B9-4703-A77D-8049AC3A0D04}.MementoCommercial|x64.Build.0 = Memento|x64
		{CA0BDA38-89B9-4703-A77D-8049AC3A0D04}.MementoCommercial|x86.ActiveCfg = Memento|Win32
		{CA0BDA38-89B9-4703-A77D-8049AC3A0D04}.MementoCommercial|x86.Build.0 = Memento|Win32
		{CA0BDA38-89B9-4703-A77D-8049AC3A0D04}.MementoExtract|x64.ActiveCfg = Memento|x64
		{CA0BDA38-89B9-4703-A77D-8049AC3A0D04}.MementoExtract|x64.Build.0 = Memento|x64
		{CA0BDA38-89B9-4703-A77D-8049AC3A0D04}.MementoExtract|x86.ActiveCfg = Memento|Win32
		{CA0BDA38-89B9-4703-A77D-8049AC3A0D04}.MementoExtract|x86.Build.0 = Memento|Win32
		{CA0BDA38-89B9-4703-A77D-8049AC3A0D04}.MementoOpenSSL|x64.ActiveCfg = Memento|x64
		{CA0BDA38-89B9-4703-A77D-8049AC3A0D04}.MementoOpenSSL|x64.Build.0 = Memento|x64
		{CA0BDA38-89B9-4703-A77D-8049AC3A0D04}.MementoOpenSSL|x86.ActiveCfg = Memento|Win32
		{CA0BDA38-89B9-4703-A77D-8049AC3A0D04}.MementoOpenSSL|x86.Build.0 = Memento|Win32
		{CA0BDA38-89B9-4703-A77D-8049AC3A0D04}.MementoTesseract|x64.ActiveCfg = Memento|x64
		{CA0BDA38-89B9-4703-A77D-8049AC3A0D04}.MementoTesseract|x64.Build.0 = Memento|x64
		{CA0BDA38-89B9-4703-A77D-8049AC3A0D04}.MementoTesseract|x86.ActiveCfg = Memento|Win32
		{CA0BDA38-89B9-4703-A77D-8049AC3A0D04}.MementoTesseract|x86.Build.0 = Memento|Win32
		{CA0BDA38-89B9-4703-A77D-8049AC3A0D04}.Release|x64.ActiveCfg = Release|x64
		{CA0BDA38-89B9-4703-A77D-8049AC3A0D04}.Release|x64.Build.0 = Release|x64
		{CA0BDA38-89B9-4703-A77D-8049AC3A0D04}.Release|x86.ActiveCfg = Release|Win32
		{CA0BDA38-89B9-4703-A77D-8049AC3A0D04}.Release|x86.Build.0 = Release|Win32
		{CA0BDA38-89B9-4703-A77D-8049AC3A0D04}.ReleaseCommercial|x64.ActiveCfg = Release|x64
		{CA0BDA38-89B9-4703-A77D-8049AC3A0D04}.ReleaseCommercial|x64.Build.0 = Release|x64
		{CA0BDA38-89B9-4703-A77D-8049AC3A0D04}.ReleaseCommercial|x86.ActiveCfg = Release|Win32
		{CA0BDA38-89B9-4703-A77D-8049AC3A0D04}.ReleaseCommercial|x86.Build.0 = Release|Win32
		{CA0BDA38-89B9-4703-A77D-8049AC3A0D04}.ReleaseExtract|x64.ActiveCfg = Release|x64
		{CA0BDA38-89B9-4703-A77D-8049AC3A0D04}.ReleaseExtract|x64.Build.0 = Release|x64
		{CA0BDA38-89B9-4703-A77D-8049AC3A0D04}.ReleaseExtract|x86.ActiveCfg = Release|Win32
		{CA0BDA38-89B9-4703-A77D-8049AC3A0D04}.ReleaseExtract|x86.Build.0 = Release|Win32
		{CA0BDA38-89B9-4703-A77D-8049AC3A0D04}.ReleaseJava|x64.ActiveCfg = Release|x64
		{CA0BDA38-89B9-4703-A77D-8049AC3A0D04}.ReleaseJava|x64.Build.0 = Release|x64
		{CA0BDA38-89B9-4703-A77D-8049AC3A0D04}.ReleaseJava|x86.ActiveCfg = Release|Win32
		{CA0BDA38-89B9-4703-A77D-8049AC3A0D04}.ReleaseJava|x86.Build.0 = Release|Win32
		{CA0BDA38-89B9-4703-A77D-8049AC3A0D04}.ReleaseOpenSSL|x64.ActiveCfg = Release|x64
		{CA0BDA38-89B9-4703-A77D-8049AC3A0D04}.ReleaseOpenSSL|x64.Build.0 = Release|x64
		{CA0BDA38-89B9-4703-A77D-8049AC3A0D04}.ReleaseOpenSSL|x86.ActiveCfg = Release|Win32
		{CA0BDA38-89B9-4703-A77D-8049AC3A0D04}.ReleaseOpenSSL|x86.Build.0 = Release|Win32
		{CA0BDA38-89B9-4703-A77D-8049AC3A0D04}.ReleaseTesseract|x64.ActiveCfg = Release|x64
		{CA0BDA38-89B9-4703-A77D-8049AC3A0D04}.ReleaseTesseract|x64.Build.0 = Release|x64
		{CA0BDA38-89B9-4703-A77D-8049AC3A0D04}.ReleaseTesseract|x86.ActiveCfg = Release|Win32
		{CA0BDA38-89B9-4703-A77D-8049AC3A0D04}.ReleaseTesseract|x86.Build.0 = Release|Win32
		{66778899-0291-4FB9-8D96-D58957CA5E3C}.Debug|x64.ActiveCfg = Debug|x64
		{66778899-0291-4FB9-8D96-D58957CA5E3C}.Debug|x64.Build.0 = Debug|x64
		{66778899-0291-4FB9-8D96-D58957CA5E3C}.Debug|x86.ActiveCfg = Debug|Win32
		{66778899-0291-4FB9-8D96-D58957CA5E3C}.Debug|x86.Build.0 = Debug|Win32
		{66778899-0291-4FB9-8D96-D58957CA5E3C}.DebugCommercial|x64.ActiveCfg = Debug|x64
		{66778899-0291-4FB9-8D96-D58957CA5E3C}.DebugCommercial|x64.Build.0 = Debug|x64
		{66778899-0291-4FB9-8D96-D58957CA5E3C}.DebugCommercial|x86.ActiveCfg = Debug|Win32
		{66778899-0291-4FB9-8D96-D58957CA5E3C}.DebugCommercial|x86.Build.0 = Debug|Win32
		{66778899-0291-4FB9-8D96-D58957CA5E3C}.DebugExtract|x64.ActiveCfg = Debug|x64
		{66778899-0291-4FB9-8D96-D58957CA5E3C}.DebugExtract|x64.Build.0 = Debug|x64
		{66778899-0291-4FB9-8D96-D58957CA5E3C}.DebugExtract|x86.ActiveCfg = Debug|Win32
		{66778899-0291-4FB9-8D96-D58957CA5E3C}.DebugExtract|x86.Build.0 = Debug|Win32
		{66778899-0291-4FB9-8D96-D58957CA5E3C}.DebugJava|x64.ActiveCfg = Debug|x64
		{66778899-0291-4FB9-8D96-D58957CA5E3C}.DebugJava|x64.Build.0 = Debug|x64
		{66778899-0291-4FB9-8D96-D58957CA5E3C}.DebugJava|x86.ActiveCfg = Debug|Win32
		{66778899-0291-4FB9-8D96-D58957CA5E3C}.DebugJava|x86.Build.0 = Debug|Win32
		{66778899-0291-4FB9-8D96-D58957CA5E3C}.DebugOpenSSL|x64.ActiveCfg = Debug|x64
		{66778899-0291-4FB9-8D96-D58957CA5E3C}.DebugOpenSSL|x64.Build.0 = Debug|x64
		{66778899-0291-4FB9-8D96-D58957CA5E3C}.DebugOpenSSL|x86.ActiveCfg = Debug|Win32
		{66778899-0291-4FB9-8D96-D58957CA5E3C}.DebugOpenSSL|x86.Build.0 = Debug|Win32
		{66778899-0291-4FB9-8D96-D58957CA5E3C}.DebugTesseract|x64.ActiveCfg = Debug|x64
		{66778899-0291-4FB9-8D96-D58957CA5E3C}.DebugTesseract|x64.Build.0 = Debug|x64
		{66778899-0291-4FB9-8D96-D58957CA5E3C}.DebugTesseract|x86.ActiveCfg = Debug|Win32
		{66778899-0291-4FB9-8D96-D58957CA5E3C}.DebugTesseract|x86.Build.0 = Debug|Win32
		{66778899-0291-4FB9-8D96-D58957CA5E3C}.Disabled|x64.ActiveCfg = Debug|x64
		{66778899-0291-4FB9-8D96-D58957CA5E3C}.Disabled|x64.Build.0 = Debug|x64
		{66778899-0291-4FB9-8D96-D58957CA5E3C}.Disabled|x86.ActiveCfg = Debug|Win32
		{66778899-0291-4FB9-8D96-D58957CA5E3C}.Disabled|x86.Build.0 = Debug|Win32
		{66778899-0291-4FB9-8D96-D58957CA5E3C}.Memento|x64.ActiveCfg = Memento|x64
		{66778899-0291-4FB9-8D96-D58957CA5E3C}.Memento|x64.Build.0 = Memento|x64
		{66778899-0291-4FB9-8D96-D58957CA5E3C}.Memento|x86.ActiveCfg = Memento|Win32
		{66778899-0291-4FB9-8D96-D58957CA5E3C}.Memento|x86.Build.0 = Memento|Win32
		{66778899-0291-4FB9-8D96-D58957CA5E3C}.MementoCommercial|x64.ActiveCfg = Memento|x64
		{66778899-0291-4FB9-8D96-D58957CA5E3C}.MementoCommercial|x64.Build.0 = Memento|x64
		{66778899-0291-4FB9-8D96-D58957CA5E3C}.MementoCommercial|x86.ActiveCfg = Memento|Win32
		{66778899-0291-4FB9-8D96-D58957CA5E3C}.MementoCommercial|x86.Build.0 = Memento|Win32
		{66778899-0291-4FB9-8D96-D58957CA5E3C}.MementoExtract|x64.ActiveCfg = Memento|x64
		{66778899-0291-4FB9-8D96-D58957CA5E3C}.MementoExtract|x64.Build.0 = Memento|x64
		{66778899-0291-4FB9-8D96-D58957CA5E3C}.MementoExtract|x86.ActiveCfg = Memento|Win32
		{66778899-0291-4FB9-8D96-D58957CA5E3C}.MementoExtract|x86.Build.0 = Memento|Win32
		{66778899-0291-4FB9-8D96-D58957CA5E3C}.MementoOpenSSL|x64.ActiveCfg = Memento|x64
		{66778899-0291-4FB9-8D96-D58957CA5E3C}.MementoOpenSSL|x64.Build.0 = Memento|x64
		{66778899-0291-4FB9-8D96-D58957CA5E3C}.MementoOpenSSL|x86.ActiveCfg = Memento|Win32
		{66778899-0291-4FB9-8D96-D58957CA5E3C}.MementoOpenSSL|x86.Build.0 = Memento|Win32
		{66778899-0291-4FB9-8D96-D58957CA5E3C}.MementoTesseract|x64.ActiveCfg = Memento|x64
		{66778899-0291-4FB9-8D96-D58957CA5E3C}.MementoTesseract|x64.Build.0 = Memento|x64
		{66778899-0291-4FB9-8D96-D58957CA5E3C}.MementoTesseract|x86.ActiveCfg = Memento|Win32
		{66778899-0291-4FB9-8D96-D58957CA5E3C}.MementoTesseract|x86.Build.0 = Memento|Win32
		{66778899-0291-4FB9-8D96-D58957CA5E3C}.Release|x64.ActiveCfg = Release|x64
		{66778899-0291-4FB9-8D96-D58957CA5E3C}.Release|x64.Build.0 = Release|x64
		{66778899-0291-4FB9-8D96-D58957CA5E3C}.Release|x86.ActiveCfg = Release|Win32
		{66778899-0291-4FB9-8D96-D58957CA5E3C}.Release|x86.Build.0 = Release|Win32
		{66778899-0291-4FB9-8D96-D58957CA5E3C}.ReleaseCommercial|x64.ActiveCfg = Release|x64
		{66778899-0291-4FB9-8D96-D58957CA5E3C}.ReleaseCommercial|x64.Build.0 = Release|x64
		{66778899-0291-4FB9-8D96-D58957CA5E3C}.ReleaseCommercial|x86.ActiveCfg = Release|Win32
		{66778899-0291-4FB9-8D96-D58957CA5E3C}.ReleaseCommercial|x86.Build.0 = Release|Win32
		{66778899-0291-4FB9-8D96-D58957CA5E3C}.ReleaseExtract|x64.ActiveCfg = Release|x64
		{66778899-0291-4FB9-8D96-D58957CA5E3C}.ReleaseExtract|x64.Build.0 = Release|x64
		{66778899-0291-4FB9-8D96-D58957CA5E3C}.ReleaseExtract|x86.ActiveCfg = Release|Win32
		{66778899-0291-4FB9-8D96-D58957CA5E3C}.ReleaseExtract|x86.Build.0 = Release|Win32
		{66778899-0291-4FB9-8D96-D58957CA5E3C}.ReleaseJava|x64.ActiveCfg = Release|x64
		{66778899-0291-4FB9-8D96-D58957CA5E3C}.ReleaseJava|x64.Build.0 = Release|x64
		{66778899-0291-4FB9-8D96-D58957CA5E3C}.ReleaseJava|x86.ActiveCfg = Release|Win32
		{66778899-0291-4FB9-8D96-D58957CA5E3C}.ReleaseJava|x86.Build.0 = Release|Win32
		{66778899-0291-4FB9-8D96-D58957CA5E3C}.ReleaseOpenSSL|x64.ActiveCfg = Release|x64
		{66778899-0291-4FB9-8D96-D58957CA5E3C}.ReleaseOpenSSL|x64.Build.0 = Release|x64
		{66778899-0291-4FB9-8D96-D58957CA5E3C}.ReleaseOpenSSL|x86.ActiveCfg = Release|Win32
		{66778899-0291-4FB9-8D96-D58957CA5E3C}.ReleaseOpenSSL|x86.Build.0 = Release|Win32
		{66778899-0291-4FB9-8D96-D58957CA5E3C}.ReleaseTesseract|x64.ActiveCfg = Release|x64
		{66778899-0291-4FB9-8D96-D58957CA5E3C}.ReleaseTesseract|x64.Build.0 = Release|x64
		{66778899-0291-4FB9-8D96-D58957CA5E3C}.ReleaseTesseract|x86.ActiveCfg = Release|Win32
		{66778899-0291-4FB9-8D96-D58957CA5E3C}.ReleaseTesseract|x86.Build.0 = Release|Win32
	EndGlobalSection
	GlobalSection(SolutionProperties) = preSolution
		HideSolutionNode = FALSE
	EndGlobalSection
	GlobalSection(ExtensibilityGlobals) = postSolution
		SolutionGuid = {7F5346BB-F561-400F-8BFD-51FA919A5917}
	EndGlobalSection
EndGlobal
